// !$*UTF8*$!
{
	archiveVersion = 1;
	classes = {
	};
	objectVersion = 56;
	objects = {

/* Begin PBXBuildFile section */
		7F20F7DE2A79DCBB00B26623 /* LandmarksApp.swift in Sources */ = {isa = PBXBuildFile; fileRef = 7F20F7DD2A79DCBB00B26623 /* LandmarksApp.swift */; };
		7F20F7E02A79DCBB00B26623 /* ContentView.swift in Sources */ = {isa = PBXBuildFile; fileRef = 7F20F7DF2A79DCBB00B26623 /* ContentView.swift */; };
		7F20F7E22A79DCBC00B26623 /* Assets.xcassets in Resources */ = {isa = PBXBuildFile; fileRef = 7F20F7E12A79DCBC00B26623 /* Assets.xcassets */; };
		7F20F7E52A79DCBC00B26623 /* Preview Assets.xcassets in Resources */ = {isa = PBXBuildFile; fileRef = 7F20F7E42A79DCBC00B26623 /* Preview Assets.xcassets */; };
		7F20F7EC2A79EDE700B26623 /* CircleImage.swift in Sources */ = {isa = PBXBuildFile; fileRef = 7F20F7EB2A79EDE700B26623 /* CircleImage.swift */; };
		7F20F7EE2A79EF6800B26623 /* MapView.swift in Sources */ = {isa = PBXBuildFile; fileRef = 7F20F7ED2A79EF6800B26623 /* MapView.swift */; };
		7F20F7F02A79F4F500B26623 /* landmarkData.json in Resources */ = {isa = PBXBuildFile; fileRef = 7F20F7EF2A79F4F500B26623 /* landmarkData.json */; };
		7F20F7F22A79F52900B26623 /* Landmark.swift in Sources */ = {isa = PBXBuildFile; fileRef = 7F20F7F12A79F52900B26623 /* Landmark.swift */; };
		7F20F7F42A79F8E900B26623 /* ModelData.swift in Sources */ = {isa = PBXBuildFile; fileRef = 7F20F7F32A79F8E900B26623 /* ModelData.swift */; };
		7F20F7F92A79FEFA00B26623 /* LandmarkRow.swift in Sources */ = {isa = PBXBuildFile; fileRef = 7F20F7F82A79FEFA00B26623 /* LandmarkRow.swift */; };
		7F20F7FB2A7A1CDB00B26623 /* LandmarkList.swift in Sources */ = {isa = PBXBuildFile; fileRef = 7F20F7FA2A7A1CDB00B26623 /* LandmarkList.swift */; };
		7F20F7FD2A7A1E7800B26623 /* LandmarkDetail.swift in Sources */ = {isa = PBXBuildFile; fileRef = 7F20F7FC2A7A1E7800B26623 /* LandmarkDetail.swift */; };
		7F20F7FF2A7AFAA100B26623 /* FavoriteButton.swift in Sources */ = {isa = PBXBuildFile; fileRef = 7F20F7FE2A7AFAA100B26623 /* FavoriteButton.swift */; };
		7F20F8032A7B011500B26623 /* HexagonParameters.swift in Sources */ = {isa = PBXBuildFile; fileRef = 7F20F8022A7B011500B26623 /* HexagonParameters.swift */; };
		7F20F8052A7B03F900B26623 /* BadgeBackground.swift in Sources */ = {isa = PBXBuildFile; fileRef = 7F20F8042A7B03F900B26623 /* BadgeBackground.swift */; };
		7F20F8082A7B0B9E00B26623 /* Badge.swift in Sources */ = {isa = PBXBuildFile; fileRef = 7F20F8072A7B0B9E00B26623 /* Badge.swift */; };
		7F20F80A2A7B0C6E00B26623 /* BadgeSymbol.swift in Sources */ = {isa = PBXBuildFile; fileRef = 7F20F8092A7B0C6E00B26623 /* BadgeSymbol.swift */; };
		7F20F80C2A7B101B00B26623 /* RotatedBadgeSymbol.swift in Sources */ = {isa = PBXBuildFile; fileRef = 7F20F80B2A7B101B00B26623 /* RotatedBadgeSymbol.swift */; };
		7F20F80E2A7B179300B26623 /* hikeData.json in Resources */ = {isa = PBXBuildFile; fileRef = 7F20F80D2A7B179300B26623 /* hikeData.json */; };
		7F20F8102A7B17C600B26623 /* Hike.swift in Sources */ = {isa = PBXBuildFile; fileRef = 7F20F80F2A7B17C600B26623 /* Hike.swift */; };
		7F20F8162A7B196C00B26623 /* GraphCapsule.swift in Sources */ = {isa = PBXBuildFile; fileRef = 7F20F8122A7B196C00B26623 /* GraphCapsule.swift */; };
		7F20F8172A7B196C00B26623 /* HikeGraph.swift in Sources */ = {isa = PBXBuildFile; fileRef = 7F20F8132A7B196C00B26623 /* HikeGraph.swift */; };
		7F20F8182A7B196C00B26623 /* HikeDetail.swift in Sources */ = {isa = PBXBuildFile; fileRef = 7F20F8142A7B196C00B26623 /* HikeDetail.swift */; };
		7F20F8192A7B196C00B26623 /* HikeView.swift in Sources */ = {isa = PBXBuildFile; fileRef = 7F20F8152A7B196C00B26623 /* HikeView.swift */; };
		7F20F81C2A7B2A7F00B26623 /* CategoryHome.swift in Sources */ = {isa = PBXBuildFile; fileRef = 7F20F81B2A7B2A7F00B26623 /* CategoryHome.swift */; };
		7F20F81E2A7B2D9D00B26623 /* CategoryRow.swift in Sources */ = {isa = PBXBuildFile; fileRef = 7F20F81D2A7B2D9D00B26623 /* CategoryRow.swift */; };
		7F20F8202A7B2FCA00B26623 /* CategoryItem.swift in Sources */ = {isa = PBXBuildFile; fileRef = 7F20F81F2A7B2FCA00B26623 /* CategoryItem.swift */; };
		7F20F8222A7B4A0A00B26623 /* Profile.swift in Sources */ = {isa = PBXBuildFile; fileRef = 7F20F8212A7B4A0A00B26623 /* Profile.swift */; };
		7F20F8252A7B4BE200B26623 /* ProfileHost.swift in Sources */ = {isa = PBXBuildFile; fileRef = 7F20F8242A7B4BE200B26623 /* ProfileHost.swift */; };
		7F20F8272A7B4C5600B26623 /* ProfileSummary.swift in Sources */ = {isa = PBXBuildFile; fileRef = 7F20F8262A7B4C5600B26623 /* ProfileSummary.swift */; };
		7F20F8292A7B51EB00B26623 /* HikeBadge.swift in Sources */ = {isa = PBXBuildFile; fileRef = 7F20F8282A7B51EB00B26623 /* HikeBadge.swift */; };
		7F7125102A7D70EF00CD3979 /* ProfileEditor.swift in Sources */ = {isa = PBXBuildFile; fileRef = 7F71250F2A7D70EF00CD3979 /* ProfileEditor.swift */; };
		7F79A3882A83213C00DDB617 /* PageViewController.swift in Sources */ = {isa = PBXBuildFile; fileRef = 7F79A3872A83213C00DDB617 /* PageViewController.swift */; };
		7F79A38A2A83302500DDB617 /* FeatureCard.swift in Sources */ = {isa = PBXBuildFile; fileRef = 7F79A3892A83302500DDB617 /* FeatureCard.swift */; };
		7FC005D92A83358B00B6FEBA /* PageView.swift in Sources */ = {isa = PBXBuildFile; fileRef = 7FC005D82A83358B00B6FEBA /* PageView.swift */; };
		7FC005DB2A833C5600B6FEBA /* PageControl.swift in Sources */ = {isa = PBXBuildFile; fileRef = 7FC005DA2A833C5600B6FEBA /* PageControl.swift */; };
		7FC007712A84145700B6FEBA /* Assets.xcassets in Resources */ = {isa = PBXBuildFile; fileRef = 7FC007702A84145700B6FEBA /* Assets.xcassets */; };
		7FC007742A84145700B6FEBA /* Preview Assets.xcassets in Resources */ = {isa = PBXBuildFile; fileRef = 7FC007732A84145700B6FEBA /* Preview Assets.xcassets */; };
		7FC007772A84145700B6FEBA /* WatchLandmarks Watch App.app in Embed Watch Content */ = {isa = PBXBuildFile; fileRef = 7FC0076A2A84145500B6FEBA /* WatchLandmarks Watch App.app */; settings = {ATTRIBUTES = (RemoveHeadersOnCopy, ); }; };
		7FC0077C2A84152100B6FEBA /* LandmarksApp.swift in Sources */ = {isa = PBXBuildFile; fileRef = 7F20F7DD2A79DCBB00B26623 /* LandmarksApp.swift */; };
		7FC0077D2A84152100B6FEBA /* CircleImage.swift in Sources */ = {isa = PBXBuildFile; fileRef = 7F20F7EB2A79EDE700B26623 /* CircleImage.swift */; };
		7FC0077E2A84152100B6FEBA /* Hike.swift in Sources */ = {isa = PBXBuildFile; fileRef = 7F20F80F2A7B17C600B26623 /* Hike.swift */; };
		7FC0077F2A84152100B6FEBA /* ModelData.swift in Sources */ = {isa = PBXBuildFile; fileRef = 7F20F7F32A79F8E900B26623 /* ModelData.swift */; };
		7FC007802A84152100B6FEBA /* MapView.swift in Sources */ = {isa = PBXBuildFile; fileRef = 7F20F7ED2A79EF6800B26623 /* MapView.swift */; };
		7FC007812A84152100B6FEBA /* Profile.swift in Sources */ = {isa = PBXBuildFile; fileRef = 7F20F8212A7B4A0A00B26623 /* Profile.swift */; };
		7FC007822A84152100B6FEBA /* LandmarkList.swift in Sources */ = {isa = PBXBuildFile; fileRef = 7F20F7FA2A7A1CDB00B26623 /* LandmarkList.swift */; };
		7FC007832A84152100B6FEBA /* hikeData.json in Resources */ = {isa = PBXBuildFile; fileRef = 7F20F80D2A7B179300B26623 /* hikeData.json */; };
		7FC007842A84152100B6FEBA /* landmarkData.json in Resources */ = {isa = PBXBuildFile; fileRef = 7F20F7EF2A79F4F500B26623 /* landmarkData.json */; };
		7FC007852A84152100B6FEBA /* Assets.xcassets in Resources */ = {isa = PBXBuildFile; fileRef = 7F20F7E12A79DCBC00B26623 /* Assets.xcassets */; };
		7FC007862A84152100B6FEBA /* Landmark.swift in Sources */ = {isa = PBXBuildFile; fileRef = 7F20F7F12A79F52900B26623 /* Landmark.swift */; };
		7FC007872A84152100B6FEBA /* LandmarkRow.swift in Sources */ = {isa = PBXBuildFile; fileRef = 7F20F7F82A79FEFA00B26623 /* LandmarkRow.swift */; };
		7FC0078A2A8415C000B6FEBA /* LandmarkDetail.swift in Sources */ = {isa = PBXBuildFile; fileRef = 7FC007882A8415C000B6FEBA /* LandmarkDetail.swift */; };
		7FC0078B2A8415C000B6FEBA /* ContentView.swift in Sources */ = {isa = PBXBuildFile; fileRef = 7FC007892A8415C000B6FEBA /* ContentView.swift */; };
		7FC0078D2A84164A00B6FEBA /* NotificationView.swift in Sources */ = {isa = PBXBuildFile; fileRef = 7FC0078C2A84164A00B6FEBA /* NotificationView.swift */; };
		7FC0078F2A84168400B6FEBA /* NotificationController.swift in Sources */ = {isa = PBXBuildFile; fileRef = 7FC0078E2A84168400B6FEBA /* NotificationController.swift */; };
		7FC007912A8416A800B6FEBA /* PushNotificationPayload.apns in Resources */ = {isa = PBXBuildFile; fileRef = 7FC007902A8416A700B6FEBA /* PushNotificationPayload.apns */; };
/* End PBXBuildFile section */

/* Begin PBXContainerItemProxy section */
		7FC007752A84145700B6FEBA /* PBXContainerItemProxy */ = {
			isa = PBXContainerItemProxy;
			containerPortal = 7F20F7D22A79DCBB00B26623 /* Project object */;
			proxyType = 1;
			remoteGlobalIDString = 7FC007692A84145500B6FEBA;
			remoteInfo = "WatchLandmarks Watch App";
		};
/* End PBXContainerItemProxy section */

/* Begin PBXCopyFilesBuildPhase section */
		7FC007782A84145700B6FEBA /* Embed Watch Content */ = {
			isa = PBXCopyFilesBuildPhase;
			buildActionMask = 2147483647;
			dstPath = "$(CONTENTS_FOLDER_PATH)/Watch";
			dstSubfolderSpec = 16;
			files = (
				7FC007772A84145700B6FEBA /* WatchLandmarks Watch App.app in Embed Watch Content */,
			);
			name = "Embed Watch Content";
			runOnlyForDeploymentPostprocessing = 0;
		};
/* End PBXCopyFilesBuildPhase section */

/* Begin PBXFileReference section */
		7F20F7DA2A79DCBB00B26623 /* Landmarks.app */ = {isa = PBXFileReference; explicitFileType = wrapper.application; includeInIndex = 0; path = Landmarks.app; sourceTree = BUILT_PRODUCTS_DIR; };
		7F20F7DD2A79DCBB00B26623 /* LandmarksApp.swift */ = {isa = PBXFileReference; lastKnownFileType = sourcecode.swift; path = LandmarksApp.swift; sourceTree = "<group>"; };
		7F20F7DF2A79DCBB00B26623 /* ContentView.swift */ = {isa = PBXFileReference; lastKnownFileType = sourcecode.swift; path = ContentView.swift; sourceTree = "<group>"; };
		7F20F7E12A79DCBC00B26623 /* Assets.xcassets */ = {isa = PBXFileReference; lastKnownFileType = folder.assetcatalog; path = Assets.xcassets; sourceTree = "<group>"; };
		7F20F7E42A79DCBC00B26623 /* Preview Assets.xcassets */ = {isa = PBXFileReference; lastKnownFileType = folder.assetcatalog; path = "Preview Assets.xcassets"; sourceTree = "<group>"; };
		7F20F7EB2A79EDE700B26623 /* CircleImage.swift */ = {isa = PBXFileReference; lastKnownFileType = sourcecode.swift; path = CircleImage.swift; sourceTree = "<group>"; };
		7F20F7ED2A79EF6800B26623 /* MapView.swift */ = {isa = PBXFileReference; lastKnownFileType = sourcecode.swift; path = MapView.swift; sourceTree = "<group>"; };
		7F20F7EF2A79F4F500B26623 /* landmarkData.json */ = {isa = PBXFileReference; fileEncoding = 4; lastKnownFileType = text.json; path = landmarkData.json; sourceTree = "<group>"; };
		7F20F7F12A79F52900B26623 /* Landmark.swift */ = {isa = PBXFileReference; lastKnownFileType = sourcecode.swift; path = Landmark.swift; sourceTree = "<group>"; };
		7F20F7F32A79F8E900B26623 /* ModelData.swift */ = {isa = PBXFileReference; lastKnownFileType = sourcecode.swift; path = ModelData.swift; sourceTree = "<group>"; };
		7F20F7F82A79FEFA00B26623 /* LandmarkRow.swift */ = {isa = PBXFileReference; lastKnownFileType = sourcecode.swift; path = LandmarkRow.swift; sourceTree = "<group>"; };
		7F20F7FA2A7A1CDB00B26623 /* LandmarkList.swift */ = {isa = PBXFileReference; lastKnownFileType = sourcecode.swift; path = LandmarkList.swift; sourceTree = "<group>"; };
		7F20F7FC2A7A1E7800B26623 /* LandmarkDetail.swift */ = {isa = PBXFileReference; lastKnownFileType = sourcecode.swift; path = LandmarkDetail.swift; sourceTree = "<group>"; };
		7F20F7FE2A7AFAA100B26623 /* FavoriteButton.swift */ = {isa = PBXFileReference; lastKnownFileType = sourcecode.swift; path = FavoriteButton.swift; sourceTree = "<group>"; };
		7F20F8022A7B011500B26623 /* HexagonParameters.swift */ = {isa = PBXFileReference; lastKnownFileType = sourcecode.swift; path = HexagonParameters.swift; sourceTree = "<group>"; };
		7F20F8042A7B03F900B26623 /* BadgeBackground.swift */ = {isa = PBXFileReference; lastKnownFileType = sourcecode.swift; path = BadgeBackground.swift; sourceTree = "<group>"; };
		7F20F8072A7B0B9E00B26623 /* Badge.swift */ = {isa = PBXFileReference; lastKnownFileType = sourcecode.swift; path = Badge.swift; sourceTree = "<group>"; };
		7F20F8092A7B0C6E00B26623 /* BadgeSymbol.swift */ = {isa = PBXFileReference; lastKnownFileType = sourcecode.swift; path = BadgeSymbol.swift; sourceTree = "<group>"; };
		7F20F80B2A7B101B00B26623 /* RotatedBadgeSymbol.swift */ = {isa = PBXFileReference; lastKnownFileType = sourcecode.swift; path = RotatedBadgeSymbol.swift; sourceTree = "<group>"; };
		7F20F80D2A7B179300B26623 /* hikeData.json */ = {isa = PBXFileReference; fileEncoding = 4; lastKnownFileType = text.json; name = hikeData.json; path = ../../../05_AnimatingViewsAndTransitions/Resources/hikeData.json; sourceTree = "<group>"; };
		7F20F80F2A7B17C600B26623 /* Hike.swift */ = {isa = PBXFileReference; lastKnownFileType = sourcecode.swift; path = Hike.swift; sourceTree = "<group>"; };
		7F20F8122A7B196C00B26623 /* GraphCapsule.swift */ = {isa = PBXFileReference; fileEncoding = 4; lastKnownFileType = sourcecode.swift; path = GraphCapsule.swift; sourceTree = "<group>"; };
		7F20F8132A7B196C00B26623 /* HikeGraph.swift */ = {isa = PBXFileReference; fileEncoding = 4; lastKnownFileType = sourcecode.swift; path = HikeGraph.swift; sourceTree = "<group>"; };
		7F20F8142A7B196C00B26623 /* HikeDetail.swift */ = {isa = PBXFileReference; fileEncoding = 4; lastKnownFileType = sourcecode.swift; path = HikeDetail.swift; sourceTree = "<group>"; };
		7F20F8152A7B196C00B26623 /* HikeView.swift */ = {isa = PBXFileReference; fileEncoding = 4; lastKnownFileType = sourcecode.swift; path = HikeView.swift; sourceTree = "<group>"; };
		7F20F81B2A7B2A7F00B26623 /* CategoryHome.swift */ = {isa = PBXFileReference; lastKnownFileType = sourcecode.swift; path = CategoryHome.swift; sourceTree = "<group>"; };
		7F20F81D2A7B2D9D00B26623 /* CategoryRow.swift */ = {isa = PBXFileReference; lastKnownFileType = sourcecode.swift; path = CategoryRow.swift; sourceTree = "<group>"; };
		7F20F81F2A7B2FCA00B26623 /* CategoryItem.swift */ = {isa = PBXFileReference; lastKnownFileType = sourcecode.swift; path = CategoryItem.swift; sourceTree = "<group>"; };
		7F20F8212A7B4A0A00B26623 /* Profile.swift */ = {isa = PBXFileReference; lastKnownFileType = sourcecode.swift; path = Profile.swift; sourceTree = "<group>"; };
		7F20F8242A7B4BE200B26623 /* ProfileHost.swift */ = {isa = PBXFileReference; lastKnownFileType = sourcecode.swift; path = ProfileHost.swift; sourceTree = "<group>"; };
		7F20F8262A7B4C5600B26623 /* ProfileSummary.swift */ = {isa = PBXFileReference; lastKnownFileType = sourcecode.swift; path = ProfileSummary.swift; sourceTree = "<group>"; };
		7F20F8282A7B51EB00B26623 /* HikeBadge.swift */ = {isa = PBXFileReference; lastKnownFileType = sourcecode.swift; path = HikeBadge.swift; sourceTree = "<group>"; };
		7F71250F2A7D70EF00CD3979 /* ProfileEditor.swift */ = {isa = PBXFileReference; lastKnownFileType = sourcecode.swift; path = ProfileEditor.swift; sourceTree = "<group>"; };
		7F79A3872A83213C00DDB617 /* PageViewController.swift */ = {isa = PBXFileReference; lastKnownFileType = sourcecode.swift; path = PageViewController.swift; sourceTree = "<group>"; };
		7F79A3892A83302500DDB617 /* FeatureCard.swift */ = {isa = PBXFileReference; lastKnownFileType = sourcecode.swift; path = FeatureCard.swift; sourceTree = "<group>"; };
		7FC005D82A83358B00B6FEBA /* PageView.swift */ = {isa = PBXFileReference; lastKnownFileType = sourcecode.swift; path = PageView.swift; sourceTree = "<group>"; };
		7FC005DA2A833C5600B6FEBA /* PageControl.swift */ = {isa = PBXFileReference; lastKnownFileType = sourcecode.swift; path = PageControl.swift; sourceTree = "<group>"; };
		7FC0076A2A84145500B6FEBA /* WatchLandmarks Watch App.app */ = {isa = PBXFileReference; explicitFileType = wrapper.application; includeInIndex = 0; path = "WatchLandmarks Watch App.app"; sourceTree = BUILT_PRODUCTS_DIR; };
		7FC007702A84145700B6FEBA /* Assets.xcassets */ = {isa = PBXFileReference; lastKnownFileType = folder.assetcatalog; path = Assets.xcassets; sourceTree = "<group>"; };
		7FC007732A84145700B6FEBA /* Preview Assets.xcassets */ = {isa = PBXFileReference; lastKnownFileType = folder.assetcatalog; path = "Preview Assets.xcassets"; sourceTree = "<group>"; };
		7FC007882A8415C000B6FEBA /* LandmarkDetail.swift */ = {isa = PBXFileReference; fileEncoding = 4; lastKnownFileType = sourcecode.swift; path = LandmarkDetail.swift; sourceTree = "<group>"; };
		7FC007892A8415C000B6FEBA /* ContentView.swift */ = {isa = PBXFileReference; fileEncoding = 4; lastKnownFileType = sourcecode.swift; path = ContentView.swift; sourceTree = "<group>"; };
		7FC0078C2A84164A00B6FEBA /* NotificationView.swift */ = {isa = PBXFileReference; fileEncoding = 4; lastKnownFileType = sourcecode.swift; path = NotificationView.swift; sourceTree = "<group>"; };
		7FC0078E2A84168400B6FEBA /* NotificationController.swift */ = {isa = PBXFileReference; fileEncoding = 4; lastKnownFileType = sourcecode.swift; path = NotificationController.swift; sourceTree = "<group>"; };
		7FC007902A8416A700B6FEBA /* PushNotificationPayload.apns */ = {isa = PBXFileReference; fileEncoding = 4; lastKnownFileType = text; path = PushNotificationPayload.apns; sourceTree = "<group>"; };
		7FC007922A841F4900B6FEBA /* Info.plist */ = {isa = PBXFileReference; lastKnownFileType = text.plist; path = Info.plist; sourceTree = "<group>"; };
/* End PBXFileReference section */

/* Begin PBXFrameworksBuildPhase section */
		7F20F7D72A79DCBB00B26623 /* Frameworks */ = {
			isa = PBXFrameworksBuildPhase;
			buildActionMask = 2147483647;
			files = (
			);
			runOnlyForDeploymentPostprocessing = 0;
		};
		7FC007672A84145500B6FEBA /* Frameworks */ = {
			isa = PBXFrameworksBuildPhase;
			buildActionMask = 2147483647;
			files = (
			);
			runOnlyForDeploymentPostprocessing = 0;
		};
/* End PBXFrameworksBuildPhase section */

/* Begin PBXGroup section */
		7F20F7D12A79DCBB00B26623 = {
			isa = PBXGroup;
			children = (
				7F20F7DC2A79DCBB00B26623 /* Landmarks */,
				7FC0076B2A84145600B6FEBA /* WatchLandmarks Watch App */,
				7F20F7DB2A79DCBB00B26623 /* Products */,
			);
			sourceTree = "<group>";
		};
		7F20F7DB2A79DCBB00B26623 /* Products */ = {
			isa = PBXGroup;
			children = (
				7F20F7DA2A79DCBB00B26623 /* Landmarks.app */,
				7FC0076A2A84145500B6FEBA /* WatchLandmarks Watch App.app */,
			);
			name = Products;
			sourceTree = "<group>";
		};
		7F20F7DC2A79DCBB00B26623 /* Landmarks */ = {
			isa = PBXGroup;
			children = (
				7FC007922A841F4900B6FEBA /* Info.plist */,
				7F20F7DD2A79DCBB00B26623 /* LandmarksApp.swift */,
				7F20F7F52A79FD9C00B26623 /* Views */,
				7F20F7F62A79FDCA00B26623 /* Model */,
				7F20F7F72A79FDEE00B26623 /* Resources */,
				7F20F7E12A79DCBC00B26623 /* Assets.xcassets */,
				7F20F7E32A79DCBC00B26623 /* Preview Content */,
			);
			path = Landmarks;
			sourceTree = "<group>";
		};
		7F20F7E32A79DCBC00B26623 /* Preview Content */ = {
			isa = PBXGroup;
			children = (
				7F20F7E42A79DCBC00B26623 /* Preview Assets.xcassets */,
			);
			path = "Preview Content";
			sourceTree = "<group>";
		};
		7F20F7F52A79FD9C00B26623 /* Views */ = {
			isa = PBXGroup;
			children = (
				7F20F7DF2A79DCBB00B26623 /* ContentView.swift */,
				7F20F8062A7B0AFA00B26623 /* Badges */,
				7F20F81A2A7B2A6A00B26623 /* Categories */,
				7F20F8012A7AFC2000B26623 /* Helpers */,
				7F20F8112A7B196C00B26623 /* Hikes */,
				7F20F8002A7AFC0700B26623 /* Landmarks */,
				7F79A3862A83210E00DDB617 /* PageView */,
				7F20F8232A7B4BC500B26623 /* Profiles */,
			);
			path = Views;
			sourceTree = "<group>";
		};
		7F20F7F62A79FDCA00B26623 /* Model */ = {
			isa = PBXGroup;
			children = (
				7F20F80F2A7B17C600B26623 /* Hike.swift */,
				7F20F7F12A79F52900B26623 /* Landmark.swift */,
				7F20F7F32A79F8E900B26623 /* ModelData.swift */,
				7F20F8212A7B4A0A00B26623 /* Profile.swift */,
			);
			path = Model;
			sourceTree = "<group>";
		};
		7F20F7F72A79FDEE00B26623 /* Resources */ = {
			isa = PBXGroup;
			children = (
				7F20F80D2A7B179300B26623 /* hikeData.json */,
				7F20F7EF2A79F4F500B26623 /* landmarkData.json */,
			);
			path = Resources;
			sourceTree = "<group>";
		};
		7F20F8002A7AFC0700B26623 /* Landmarks */ = {
			isa = PBXGroup;
			children = (
				7F20F7FC2A7A1E7800B26623 /* LandmarkDetail.swift */,
				7F20F7FA2A7A1CDB00B26623 /* LandmarkList.swift */,
				7F20F7F82A79FEFA00B26623 /* LandmarkRow.swift */,
			);
			path = Landmarks;
			sourceTree = "<group>";
		};
		7F20F8012A7AFC2000B26623 /* Helpers */ = {
			isa = PBXGroup;
			children = (
				7F20F7EB2A79EDE700B26623 /* CircleImage.swift */,
				7F20F7FE2A7AFAA100B26623 /* FavoriteButton.swift */,
				7F20F7ED2A79EF6800B26623 /* MapView.swift */,
			);
			path = Helpers;
			sourceTree = "<group>";
		};
		7F20F8062A7B0AFA00B26623 /* Badges */ = {
			isa = PBXGroup;
			children = (
				7F20F8072A7B0B9E00B26623 /* Badge.swift */,
				7F20F8042A7B03F900B26623 /* BadgeBackground.swift */,
				7F20F8092A7B0C6E00B26623 /* BadgeSymbol.swift */,
				7F20F8022A7B011500B26623 /* HexagonParameters.swift */,
				7F20F80B2A7B101B00B26623 /* RotatedBadgeSymbol.swift */,
			);
			path = Badges;
			sourceTree = "<group>";
		};
		7F20F8112A7B196C00B26623 /* Hikes */ = {
			isa = PBXGroup;
			children = (
				7F20F8122A7B196C00B26623 /* GraphCapsule.swift */,
				7F20F8132A7B196C00B26623 /* HikeGraph.swift */,
				7F20F8142A7B196C00B26623 /* HikeDetail.swift */,
				7F20F8152A7B196C00B26623 /* HikeView.swift */,
				7F20F8282A7B51EB00B26623 /* HikeBadge.swift */,
			);
			name = Hikes;
			path = ../../../05_AnimatingViewsAndTransitions/Resources/Hikes;
			sourceTree = "<group>";
		};
		7F20F81A2A7B2A6A00B26623 /* Categories */ = {
			isa = PBXGroup;
			children = (
				7F20F81B2A7B2A7F00B26623 /* CategoryHome.swift */,
				7F20F81D2A7B2D9D00B26623 /* CategoryRow.swift */,
				7F20F81F2A7B2FCA00B26623 /* CategoryItem.swift */,
			);
			path = Categories;
			sourceTree = "<group>";
		};
		7F20F8232A7B4BC500B26623 /* Profiles */ = {
			isa = PBXGroup;
			children = (
				7F71250F2A7D70EF00CD3979 /* ProfileEditor.swift */,
				7F20F8242A7B4BE200B26623 /* ProfileHost.swift */,
				7F20F8262A7B4C5600B26623 /* ProfileSummary.swift */,
			);
			path = Profiles;
			sourceTree = "<group>";
		};
		7F79A3862A83210E00DDB617 /* PageView */ = {
			isa = PBXGroup;
			children = (
				7F79A3892A83302500DDB617 /* FeatureCard.swift */,
				7FC005DA2A833C5600B6FEBA /* PageControl.swift */,
				7FC005D82A83358B00B6FEBA /* PageView.swift */,
				7F79A3872A83213C00DDB617 /* PageViewController.swift */,
			);
			path = PageView;
			sourceTree = "<group>";
		};
		7FC0076B2A84145600B6FEBA /* WatchLandmarks Watch App */ = {
			isa = PBXGroup;
			children = (
				7FC007902A8416A700B6FEBA /* PushNotificationPayload.apns */,
				7FC0078E2A84168400B6FEBA /* NotificationController.swift */,
				7FC0078C2A84164A00B6FEBA /* NotificationView.swift */,
				7FC007892A8415C000B6FEBA /* ContentView.swift */,
				7FC007882A8415C000B6FEBA /* LandmarkDetail.swift */,
				7FC007702A84145700B6FEBA /* Assets.xcassets */,
				7FC007722A84145700B6FEBA /* Preview Content */,
			);
			path = "WatchLandmarks Watch App";
			sourceTree = "<group>";
		};
		7FC007722A84145700B6FEBA /* Preview Content */ = {
			isa = PBXGroup;
			children = (
				7FC007732A84145700B6FEBA /* Preview Assets.xcassets */,
			);
			path = "Preview Content";
			sourceTree = "<group>";
		};
/* End PBXGroup section */

/* Begin PBXNativeTarget section */
		7F20F7D92A79DCBB00B26623 /* Landmarks */ = {
			isa = PBXNativeTarget;
			buildConfigurationList = 7F20F7E82A79DCBC00B26623 /* Build configuration list for PBXNativeTarget "Landmarks" */;
			buildPhases = (
				7F20F7D62A79DCBB00B26623 /* Sources */,
				7F20F7D72A79DCBB00B26623 /* Frameworks */,
				7F20F7D82A79DCBB00B26623 /* Resources */,
				7FC007782A84145700B6FEBA /* Embed Watch Content */,
			);
			buildRules = (
			);
			dependencies = (
				7FC007762A84145700B6FEBA /* PBXTargetDependency */,
			);
			name = Landmarks;
			productName = Landmarks;
			productReference = 7F20F7DA2A79DCBB00B26623 /* Landmarks.app */;
			productType = "com.apple.product-type.application";
		};
		7FC007692A84145500B6FEBA /* WatchLandmarks Watch App */ = {
			isa = PBXNativeTarget;
			buildConfigurationList = 7FC0077B2A84145700B6FEBA /* Build configuration list for PBXNativeTarget "WatchLandmarks Watch App" */;
			buildPhases = (
				7FC007662A84145500B6FEBA /* Sources */,
				7FC007672A84145500B6FEBA /* Frameworks */,
				7FC007682A84145500B6FEBA /* Resources */,
			);
			buildRules = (
			);
			dependencies = (
			);
			name = "WatchLandmarks Watch App";
			productName = "WatchLandmarks Watch App";
			productReference = 7FC0076A2A84145500B6FEBA /* WatchLandmarks Watch App.app */;
			productType = "com.apple.product-type.application";
		};
/* End PBXNativeTarget section */

/* Begin PBXProject section */
		7F20F7D22A79DCBB00B26623 /* Project object */ = {
			isa = PBXProject;
			attributes = {
				BuildIndependentTargetsInParallel = 1;
				LastSwiftUpdateCheck = 1430;
				LastUpgradeCheck = 1430;
				TargetAttributes = {
					7F20F7D92A79DCBB00B26623 = {
						CreatedOnToolsVersion = 14.3.1;
					};
					7FC007692A84145500B6FEBA = {
						CreatedOnToolsVersion = 14.3.1;
					};
				};
			};
			buildConfigurationList = 7F20F7D52A79DCBB00B26623 /* Build configuration list for PBXProject "Landmarks" */;
			compatibilityVersion = "Xcode 14.0";
			developmentRegion = en;
			hasScannedForEncodings = 0;
			knownRegions = (
				en,
				Base,
			);
			mainGroup = 7F20F7D12A79DCBB00B26623;
			productRefGroup = 7F20F7DB2A79DCBB00B26623 /* Products */;
			projectDirPath = "";
			projectRoot = "";
			targets = (
				7F20F7D92A79DCBB00B26623 /* Landmarks */,
				7FC007692A84145500B6FEBA /* WatchLandmarks Watch App */,
			);
		};
/* End PBXProject section */

/* Begin PBXResourcesBuildPhase section */
		7F20F7D82A79DCBB00B26623 /* Resources */ = {
			isa = PBXResourcesBuildPhase;
			buildActionMask = 2147483647;
			files = (
				7F20F80E2A7B179300B26623 /* hikeData.json in Resources */,
				7F20F7E52A79DCBC00B26623 /* Preview Assets.xcassets in Resources */,
				7F20F7E22A79DCBC00B26623 /* Assets.xcassets in Resources */,
				7F20F7F02A79F4F500B26623 /* landmarkData.json in Resources */,
			);
			runOnlyForDeploymentPostprocessing = 0;
		};
		7FC007682A84145500B6FEBA /* Resources */ = {
			isa = PBXResourcesBuildPhase;
			buildActionMask = 2147483647;
			files = (
				7FC007742A84145700B6FEBA /* Preview Assets.xcassets in Resources */,
				7FC007842A84152100B6FEBA /* landmarkData.json in Resources */,
				7FC007832A84152100B6FEBA /* hikeData.json in Resources */,
				7FC007712A84145700B6FEBA /* Assets.xcassets in Resources */,
				7FC007852A84152100B6FEBA /* Assets.xcassets in Resources */,
				7FC007912A8416A800B6FEBA /* PushNotificationPayload.apns in Resources */,
			);
			runOnlyForDeploymentPostprocessing = 0;
		};
/* End PBXResourcesBuildPhase section */

/* Begin PBXSourcesBuildPhase section */
		7F20F7D62A79DCBB00B26623 /* Sources */ = {
			isa = PBXSourcesBuildPhase;
			buildActionMask = 2147483647;
			files = (
				7F20F81E2A7B2D9D00B26623 /* CategoryRow.swift in Sources */,
				7F20F8222A7B4A0A00B26623 /* Profile.swift in Sources */,
				7F20F7E02A79DCBB00B26623 /* ContentView.swift in Sources */,
				7F20F81C2A7B2A7F00B26623 /* CategoryHome.swift in Sources */,
				7F79A38A2A83302500DDB617 /* FeatureCard.swift in Sources */,
				7F20F8172A7B196C00B26623 /* HikeGraph.swift in Sources */,
				7F20F7EE2A79EF6800B26623 /* MapView.swift in Sources */,
				7F20F7DE2A79DCBB00B26623 /* LandmarksApp.swift in Sources */,
				7F20F8162A7B196C00B26623 /* GraphCapsule.swift in Sources */,
				7F20F7FF2A7AFAA100B26623 /* FavoriteButton.swift in Sources */,
				7FC005DB2A833C5600B6FEBA /* PageControl.swift in Sources */,
				7F20F8032A7B011500B26623 /* HexagonParameters.swift in Sources */,
				7F20F8202A7B2FCA00B26623 /* CategoryItem.swift in Sources */,
				7F20F8182A7B196C00B26623 /* HikeDetail.swift in Sources */,
				7F20F8272A7B4C5600B26623 /* ProfileSummary.swift in Sources */,
				7F20F7FB2A7A1CDB00B26623 /* LandmarkList.swift in Sources */,
				7F20F8252A7B4BE200B26623 /* ProfileHost.swift in Sources */,
				7F20F8102A7B17C600B26623 /* Hike.swift in Sources */,
				7F20F7FD2A7A1E7800B26623 /* LandmarkDetail.swift in Sources */,
				7FC005D92A83358B00B6FEBA /* PageView.swift in Sources */,
				7F20F80A2A7B0C6E00B26623 /* BadgeSymbol.swift in Sources */,
				7F7125102A7D70EF00CD3979 /* ProfileEditor.swift in Sources */,
				7F20F8052A7B03F900B26623 /* BadgeBackground.swift in Sources */,
				7F20F8192A7B196C00B26623 /* HikeView.swift in Sources */,
				7F20F7EC2A79EDE700B26623 /* CircleImage.swift in Sources */,
				7F79A3882A83213C00DDB617 /* PageViewController.swift in Sources */,
				7F20F7F22A79F52900B26623 /* Landmark.swift in Sources */,
				7F20F8292A7B51EB00B26623 /* HikeBadge.swift in Sources */,
				7F20F7F92A79FEFA00B26623 /* LandmarkRow.swift in Sources */,
				7F20F8082A7B0B9E00B26623 /* Badge.swift in Sources */,
				7F20F7F42A79F8E900B26623 /* ModelData.swift in Sources */,
				7F20F80C2A7B101B00B26623 /* RotatedBadgeSymbol.swift in Sources */,
			);
			runOnlyForDeploymentPostprocessing = 0;
		};
		7FC007662A84145500B6FEBA /* Sources */ = {
			isa = PBXSourcesBuildPhase;
			buildActionMask = 2147483647;
			files = (
				7FC007802A84152100B6FEBA /* MapView.swift in Sources */,
				7FC0078B2A8415C000B6FEBA /* ContentView.swift in Sources */,
				7FC0077C2A84152100B6FEBA /* LandmarksApp.swift in Sources */,
				7FC007822A84152100B6FEBA /* LandmarkList.swift in Sources */,
				7FC007812A84152100B6FEBA /* Profile.swift in Sources */,
				7FC007862A84152100B6FEBA /* Landmark.swift in Sources */,
				7FC0077F2A84152100B6FEBA /* ModelData.swift in Sources */,
				7FC0077E2A84152100B6FEBA /* Hike.swift in Sources */,
				7FC007872A84152100B6FEBA /* LandmarkRow.swift in Sources */,
				7FC0078F2A84168400B6FEBA /* NotificationController.swift in Sources */,
				7FC0078A2A8415C000B6FEBA /* LandmarkDetail.swift in Sources */,
				7FC0077D2A84152100B6FEBA /* CircleImage.swift in Sources */,
				7FC0078D2A84164A00B6FEBA /* NotificationView.swift in Sources */,
			);
			runOnlyForDeploymentPostprocessing = 0;
		};
/* End PBXSourcesBuildPhase section */

/* Begin PBXTargetDependency section */
		7FC007762A84145700B6FEBA /* PBXTargetDependency */ = {
			isa = PBXTargetDependency;
			target = 7FC007692A84145500B6FEBA /* WatchLandmarks Watch App */;
			targetProxy = 7FC007752A84145700B6FEBA /* PBXContainerItemProxy */;
		};
/* End PBXTargetDependency section */

/* Begin XCBuildConfiguration section */
		7F20F7E62A79DCBC00B26623 /* Debug */ = {
			isa = XCBuildConfiguration;
			buildSettings = {
				ALWAYS_SEARCH_USER_PATHS = NO;
				CLANG_ANALYZER_NONNULL = YES;
				CLANG_ANALYZER_NUMBER_OBJECT_CONVERSION = YES_AGGRESSIVE;
				CLANG_CXX_LANGUAGE_STANDARD = "gnu++20";
				CLANG_ENABLE_MODULES = YES;
				CLANG_ENABLE_OBJC_ARC = YES;
				CLANG_ENABLE_OBJC_WEAK = YES;
				CLANG_WARN_BLOCK_CAPTURE_AUTORELEASING = YES;
				CLANG_WARN_BOOL_CONVERSION = YES;
				CLANG_WARN_COMMA = YES;
				CLANG_WARN_CONSTANT_CONVERSION = YES;
				CLANG_WARN_DEPRECATED_OBJC_IMPLEMENTATIONS = YES;
				CLANG_WARN_DIRECT_OBJC_ISA_USAGE = YES_ERROR;
				CLANG_WARN_DOCUMENTATION_COMMENTS = YES;
				CLANG_WARN_EMPTY_BODY = YES;
				CLANG_WARN_ENUM_CONVERSION = YES;
				CLANG_WARN_INFINITE_RECURSION = YES;
				CLANG_WARN_INT_CONVERSION = YES;
				CLANG_WARN_NON_LITERAL_NULL_CONVERSION = YES;
				CLANG_WARN_OBJC_IMPLICIT_RETAIN_SELF = YES;
				CLANG_WARN_OBJC_LITERAL_CONVERSION = YES;
				CLANG_WARN_OBJC_ROOT_CLASS = YES_ERROR;
				CLANG_WARN_QUOTED_INCLUDE_IN_FRAMEWORK_HEADER = YES;
				CLANG_WARN_RANGE_LOOP_ANALYSIS = YES;
				CLANG_WARN_STRICT_PROTOTYPES = YES;
				CLANG_WARN_SUSPICIOUS_MOVE = YES;
				CLANG_WARN_UNGUARDED_AVAILABILITY = YES_AGGRESSIVE;
				CLANG_WARN_UNREACHABLE_CODE = YES;
				CLANG_WARN__DUPLICATE_METHOD_MATCH = YES;
				COPY_PHASE_STRIP = NO;
				DEBUG_INFORMATION_FORMAT = dwarf;
				ENABLE_STRICT_OBJC_MSGSEND = YES;
				ENABLE_TESTABILITY = YES;
				GCC_C_LANGUAGE_STANDARD = gnu11;
				GCC_DYNAMIC_NO_PIC = NO;
				GCC_NO_COMMON_BLOCKS = YES;
				GCC_OPTIMIZATION_LEVEL = 0;
				GCC_PREPROCESSOR_DEFINITIONS = (
					"DEBUG=1",
					"$(inherited)",
				);
				GCC_WARN_64_TO_32_BIT_CONVERSION = YES;
				GCC_WARN_ABOUT_RETURN_TYPE = YES_ERROR;
				GCC_WARN_UNDECLARED_SELECTOR = YES;
				GCC_WARN_UNINITIALIZED_AUTOS = YES_AGGRESSIVE;
				GCC_WARN_UNUSED_FUNCTION = YES;
				GCC_WARN_UNUSED_VARIABLE = YES;
				IPHONEOS_DEPLOYMENT_TARGET = 16.4;
				MTL_ENABLE_DEBUG_INFO = INCLUDE_SOURCE;
				MTL_FAST_MATH = YES;
				ONLY_ACTIVE_ARCH = YES;
				SDKROOT = iphoneos;
				SWIFT_ACTIVE_COMPILATION_CONDITIONS = DEBUG;
				SWIFT_OPTIMIZATION_LEVEL = "-Onone";
			};
			name = Debug;
		};
		7F20F7E72A79DCBC00B26623 /* Release */ = {
			isa = XCBuildConfiguration;
			buildSettings = {
				ALWAYS_SEARCH_USER_PATHS = NO;
				CLANG_ANALYZER_NONNULL = YES;
				CLANG_ANALYZER_NUMBER_OBJECT_CONVERSION = YES_AGGRESSIVE;
				CLANG_CXX_LANGUAGE_STANDARD = "gnu++20";
				CLANG_ENABLE_MODULES = YES;
				CLANG_ENABLE_OBJC_ARC = YES;
				CLANG_ENABLE_OBJC_WEAK = YES;
				CLANG_WARN_BLOCK_CAPTURE_AUTORELEASING = YES;
				CLANG_WARN_BOOL_CONVERSION = YES;
				CLANG_WARN_COMMA = YES;
				CLANG_WARN_CONSTANT_CONVERSION = YES;
				CLANG_WARN_DEPRECATED_OBJC_IMPLEMENTATIONS = YES;
				CLANG_WARN_DIRECT_OBJC_ISA_USAGE = YES_ERROR;
				CLANG_WARN_DOCUMENTATION_COMMENTS = YES;
				CLANG_WARN_EMPTY_BODY = YES;
				CLANG_WARN_ENUM_CONVERSION = YES;
				CLANG_WARN_INFINITE_RECURSION = YES;
				CLANG_WARN_INT_CONVERSION = YES;
				CLANG_WARN_NON_LITERAL_NULL_CONVERSION = YES;
				CLANG_WARN_OBJC_IMPLICIT_RETAIN_SELF = YES;
				CLANG_WARN_OBJC_LITERAL_CONVERSION = YES;
				CLANG_WARN_OBJC_ROOT_CLASS = YES_ERROR;
				CLANG_WARN_QUOTED_INCLUDE_IN_FRAMEWORK_HEADER = YES;
				CLANG_WARN_RANGE_LOOP_ANALYSIS = YES;
				CLANG_WARN_STRICT_PROTOTYPES = YES;
				CLANG_WARN_SUSPICIOUS_MOVE = YES;
				CLANG_WARN_UNGUARDED_AVAILABILITY = YES_AGGRESSIVE;
				CLANG_WARN_UNREACHABLE_CODE = YES;
				CLANG_WARN__DUPLICATE_METHOD_MATCH = YES;
				COPY_PHASE_STRIP = NO;
				DEBUG_INFORMATION_FORMAT = "dwarf-with-dsym";
				ENABLE_NS_ASSERTIONS = NO;
				ENABLE_STRICT_OBJC_MSGSEND = YES;
				GCC_C_LANGUAGE_STANDARD = gnu11;
				GCC_NO_COMMON_BLOCKS = YES;
				GCC_WARN_64_TO_32_BIT_CONVERSION = YES;
				GCC_WARN_ABOUT_RETURN_TYPE = YES_ERROR;
				GCC_WARN_UNDECLARED_SELECTOR = YES;
				GCC_WARN_UNINITIALIZED_AUTOS = YES_AGGRESSIVE;
				GCC_WARN_UNUSED_FUNCTION = YES;
				GCC_WARN_UNUSED_VARIABLE = YES;
				IPHONEOS_DEPLOYMENT_TARGET = 16.4;
				MTL_ENABLE_DEBUG_INFO = NO;
				MTL_FAST_MATH = YES;
				SDKROOT = iphoneos;
				SWIFT_COMPILATION_MODE = wholemodule;
				SWIFT_OPTIMIZATION_LEVEL = "-O";
				VALIDATE_PRODUCT = YES;
			};
			name = Release;
		};
		7F20F7E92A79DCBC00B26623 /* Debug */ = {
			isa = XCBuildConfiguration;
			buildSettings = {
				ALWAYS_EMBED_SWIFT_STANDARD_LIBRARIES = YES;
				ASSETCATALOG_COMPILER_APPICON_NAME = AppIcon;
				ASSETCATALOG_COMPILER_GLOBAL_ACCENT_COLOR_NAME = AccentColor;
				CODE_SIGN_STYLE = Automatic;
				CURRENT_PROJECT_VERSION = 1;
				DEVELOPMENT_ASSET_PATHS = "\"Landmarks/Preview Content\"";
				DEVELOPMENT_TEAM = S8N34947Y9;
				ENABLE_PREVIEWS = YES;
				GENERATE_INFOPLIST_FILE = YES;
				INFOPLIST_FILE = Landmarks/Info.plist;
				INFOPLIST_KEY_UIApplicationSceneManifest_Generation = YES;
				INFOPLIST_KEY_UIApplicationSupportsIndirectInputEvents = YES;
				INFOPLIST_KEY_UILaunchScreen_Generation = YES;
				INFOPLIST_KEY_UISupportedInterfaceOrientations_iPad = "UIInterfaceOrientationPortrait UIInterfaceOrientationPortraitUpsideDown UIInterfaceOrientationLandscapeLeft UIInterfaceOrientationLandscapeRight";
				INFOPLIST_KEY_UISupportedInterfaceOrientations_iPhone = "UIInterfaceOrientationPortrait UIInterfaceOrientationLandscapeLeft UIInterfaceOrientationLandscapeRight";
				LD_RUNPATH_SEARCH_PATHS = (
					"$(inherited)",
					"@executable_path/Frameworks",
				);
				MARKETING_VERSION = 1.0;
				PRODUCT_BUNDLE_IDENTIFIER = com.study.Landmarks;
				PRODUCT_NAME = "$(TARGET_NAME)";
				SWIFT_EMIT_LOC_STRINGS = YES;
				SWIFT_VERSION = 5.0;
				TARGETED_DEVICE_FAMILY = "1,2";
			};
			name = Debug;
		};
		7F20F7EA2A79DCBC00B26623 /* Release */ = {
			isa = XCBuildConfiguration;
			buildSettings = {
				ALWAYS_EMBED_SWIFT_STANDARD_LIBRARIES = YES;
				ASSETCATALOG_COMPILER_APPICON_NAME = AppIcon;
				ASSETCATALOG_COMPILER_GLOBAL_ACCENT_COLOR_NAME = AccentColor;
				CODE_SIGN_STYLE = Automatic;
				CURRENT_PROJECT_VERSION = 1;
				DEVELOPMENT_ASSET_PATHS = "\"Landmarks/Preview Content\"";
				DEVELOPMENT_TEAM = S8N34947Y9;
				ENABLE_PREVIEWS = YES;
				GENERATE_INFOPLIST_FILE = YES;
				INFOPLIST_FILE = Landmarks/Info.plist;
				INFOPLIST_KEY_UIApplicationSceneManifest_Generation = YES;
				INFOPLIST_KEY_UIApplicationSupportsIndirectInputEvents = YES;
				INFOPLIST_KEY_UILaunchScreen_Generation = YES;
				INFOPLIST_KEY_UISupportedInterfaceOrientations_iPad = "UIInterfaceOrientationPortrait UIInterfaceOrientationPortraitUpsideDown UIInterfaceOrientationLandscapeLeft UIInterfaceOrientationLandscapeRight";
				INFOPLIST_KEY_UISupportedInterfaceOrientations_iPhone = "UIInterfaceOrientationPortrait UIInterfaceOrientationLandscapeLeft UIInterfaceOrientationLandscapeRight";
				LD_RUNPATH_SEARCH_PATHS = (
					"$(inherited)",
					"@executable_path/Frameworks",
				);
				MARKETING_VERSION = 1.0;
				PRODUCT_BUNDLE_IDENTIFIER = com.study.Landmarks;
				PRODUCT_NAME = "$(TARGET_NAME)";
				SWIFT_EMIT_LOC_STRINGS = YES;
				SWIFT_VERSION = 5.0;
				TARGETED_DEVICE_FAMILY = "1,2";
			};
			name = Release;
		};
		7FC007792A84145700B6FEBA /* Debug */ = {
			isa = XCBuildConfiguration;
			buildSettings = {
				ASSETCATALOG_COMPILER_APPICON_NAME = AppIcon;
				ASSETCATALOG_COMPILER_GLOBAL_ACCENT_COLOR_NAME = AccentColor;
				CODE_SIGN_STYLE = Automatic;
				CURRENT_PROJECT_VERSION = 1;
				DEVELOPMENT_ASSET_PATHS = "\"WatchLandmarks Watch App/Preview Content\"";
				DEVELOPMENT_TEAM = S8N34947Y9;
				ENABLE_PREVIEWS = YES;
				GENERATE_INFOPLIST_FILE = YES;
				INFOPLIST_KEY_CFBundleDisplayName = WatchLandmarks;
				INFOPLIST_KEY_UISupportedInterfaceOrientations = "UIInterfaceOrientationPortrait UIInterfaceOrientationPortraitUpsideDown";
				INFOPLIST_KEY_WKCompanionAppBundleIdentifier = com.study.Landmarks;
				INFOPLIST_KEY_WKRunsIndependentlyOfCompanionApp = YES;
				LD_RUNPATH_SEARCH_PATHS = (
					"$(inherited)",
					"@executable_path/Frameworks",
				);
				MARKETING_VERSION = 1.0;
				PRODUCT_BUNDLE_IDENTIFIER = com.study.Landmarks.watchkitapp;
				PRODUCT_NAME = "$(TARGET_NAME)";
				SDKROOT = watchos;
				SKIP_INSTALL = YES;
				SWIFT_EMIT_LOC_STRINGS = YES;
				SWIFT_VERSION = 5.0;
				TARGETED_DEVICE_FAMILY = 4;
				WATCHOS_DEPLOYMENT_TARGET = 9.4;
			};
			name = Debug;
		};
		7FC0077A2A84145700B6FEBA /* Release */ = {
			isa = XCBuildConfiguration;
			buildSettings = {
				ASSETCATALOG_COMPILER_APPICON_NAME = AppIcon;
				ASSETCATALOG_COMPILER_GLOBAL_ACCENT_COLOR_NAME = AccentColor;
				CODE_SIGN_STYLE = Automatic;
				CURRENT_PROJECT_VERSION = 1;
				DEVELOPMENT_ASSET_PATHS = "\"WatchLandmarks Watch App/Preview Content\"";
				DEVELOPMENT_TEAM = S8N34947Y9;
				ENABLE_PREVIEWS = YES;
				GENERATE_INFOPLIST_FILE = YES;
				INFOPLIST_KEY_CFBundleDisplayName = WatchLandmarks;
				INFOPLIST_KEY_UISupportedInterfaceOrientations = "UIInterfaceOrientationPortrait UIInterfaceOrientationPortraitUpsideDown";
				INFOPLIST_KEY_WKCompanionAppBundleIdentifier = com.study.Landmarks;
				INFOPLIST_KEY_WKRunsIndependentlyOfCompanionApp = YES;
				LD_RUNPATH_SEARCH_PATHS = (
					"$(inherited)",
					"@executable_path/Frameworks",
				);
				MARKETING_VERSION = 1.0;
				PRODUCT_BUNDLE_IDENTIFIER = com.study.Landmarks.watchkitapp;
				PRODUCT_NAME = "$(TARGET_NAME)";
				SDKROOT = watchos;
				SKIP_INSTALL = YES;
				SWIFT_EMIT_LOC_STRINGS = YES;
				SWIFT_VERSION = 5.0;
				TARGETED_DEVICE_FAMILY = 4;
				WATCHOS_DEPLOYMENT_TARGET = 9.4;
			};
			name = Release;
		};
/* End XCBuildConfiguration section */

/* Begin XCConfigurationList section */
		7F20F7D52A79DCBB00B26623 /* Build configuration list for PBXProject "Landmarks" */ = {
			isa = XCConfigurationList;
			buildConfigurations = (
				7F20F7E62A79DCBC00B26623 /* Debug */,
				7F20F7E72A79DCBC00B26623 /* Release */,
			);
			defaultConfigurationIsVisible = 0;
			defaultConfigurationName = Release;
		};
		7F20F7E82A79DCBC00B26623 /* Build configuration list for PBXNativeTarget "Landmarks" */ = {
			isa = XCConfigurationList;
			buildConfigurations = (
				7F20F7E92A79DCBC00B26623 /* Debug */,
				7F20F7EA2A79DCBC00B26623 /* Release */,
			);
			defaultConfigurationIsVisible = 0;
			defaultConfigurationName = Release;
		};
		7FC0077B2A84145700B6FEBA /* Build configuration list for PBXNativeTarget "WatchLandmarks Watch App" */ = {
			isa = XCConfigurationList;
			buildConfigurations = (
				7FC007792A84145700B6FEBA /* Debug */,
				7FC0077A2A84145700B6FEBA /* Release */,
			);
			defaultConfigurationIsVisible = 0;
			defaultConfigurationName = Release;
		};
/* End XCConfigurationList section */
	};
	rootObject = 7F20F7D22A79DCBB00B26623 /* Project object */;
}
