// !$*UTF8*$!
{
	archiveVersion = 1;
	classes = {
	};
	objectVersion = 56;
	objects = {

/* Begin PBXBuildFile section */
		7F20F7DE2A79DCBB00B26623 /* LandmarksApp.swift in Sources */ = {isa = PBXBuildFile; fileRef = 7F20F7DD2A79DCBB00B26623 /* LandmarksApp.swift */; };
		7F20F7E02A79DCBB00B26623 /* ContentView.swift in Sources */ = {isa = PBXBuildFile; fileRef = 7F20F7DF2A79DCBB00B26623 /* ContentView.swift */; };
		7F20F7E22A79DCBC00B26623 /* Assets.xcassets in Resources */ = {isa = PBXBuildFile; fileRef = 7F20F7E12A79DCBC00B26623 /* Assets.xcassets */; };
		7F20F7E52A79DCBC00B26623 /* Preview Assets.xcassets in Resources */ = {isa = PBXBuildFile; fileRef = 7F20F7E42A79DCBC00B26623 /* Preview Assets.xcassets */; };
		7F20F7EC2A79EDE700B26623 /* CircleImage.swift in Sources */ = {isa = PBXBuildFile; fileRef = 7F20F7EB2A79EDE700B26623 /* CircleImage.swift */; };
		7F20F7EE2A79EF6800B26623 /* MapView.swift in Sources */ = {isa = PBXBuildFile; fileRef = 7F20F7ED2A79EF6800B26623 /* MapView.swift */; };
		7F20F7F02A79F4F500B26623 /* landmarkData.json in Resources */ = {isa = PBXBuildFile; fileRef = 7F20F7EF2A79F4F500B26623 /* landmarkData.json */; };
		7F20F7F22A79F52900B26623 /* Landmark.swift in Sources */ = {isa = PBXBuildFile; fileRef = 7F20F7F12A79F52900B26623 /* Landmark.swift */; };
		7F20F7F42A79F8E900B26623 /* ModelData.swift in Sources */ = {isa = PBXBuildFile; fileRef = 7F20F7F32A79F8E900B26623 /* ModelData.swift */; };
		7F20F7F92A79FEFA00B26623 /* LandmarkRow.swift in Sources */ = {isa = PBXBuildFile; fileRef = 7F20F7F82A79FEFA00B26623 /* LandmarkRow.swift */; };
		7F20F7FB2A7A1CDB00B26623 /* LandmarkList.swift in Sources */ = {isa = PBXBuildFile; fileRef = 7F20F7FA2A7A1CDB00B26623 /* LandmarkList.swift */; };
		7F20F7FD2A7A1E7800B26623 /* LandmarkDetail.swift in Sources */ = {isa = PBXBuildFile; fileRef = 7F20F7FC2A7A1E7800B26623 /* LandmarkDetail.swift */; };
		7F20F7FF2A7AFAA100B26623 /* FavoriteButton.swift in Sources */ = {isa = PBXBuildFile; fileRef = 7F20F7FE2A7AFAA100B26623 /* FavoriteButton.swift */; };
/* End PBXBuildFile section */

/* Begin PBXFileReference section */
		7F20F7DA2A79DCBB00B26623 /* Landmarks.app */ = {isa = PBXFileReference; explicitFileType = wrapper.application; includeInIndex = 0; path = Landmarks.app; sourceTree = BUILT_PRODUCTS_DIR; };
		7F20F7DD2A79DCBB00B26623 /* LandmarksApp.swift */ = {isa = PBXFileReference; lastKnownFileType = sourcecode.swift; path = LandmarksApp.swift; sourceTree = "<group>"; };
		7F20F7DF2A79DCBB00B26623 /* ContentView.swift */ = {isa = PBXFileReference; lastKnownFileType = sourcecode.swift; path = ContentView.swift; sourceTree = "<group>"; };
		7F20F7E12A79DCBC00B26623 /* Assets.xcassets */ = {isa = PBXFileReference; lastKnownFileType = folder.assetcatalog; path = Assets.xcassets; sourceTree = "<group>"; };
		7F20F7E42A79DCBC00B26623 /* Preview Assets.xcassets */ = {isa = PBXFileReference; lastKnownFileType = folder.assetcatalog; path = "Preview Assets.xcassets"; sourceTree = "<group>"; };
		7F20F7EB2A79EDE700B26623 /* CircleImage.swift */ = {isa = PBXFileReference; lastKnownFileType = sourcecode.swift; path = CircleImage.swift; sourceTree = "<group>"; };
		7F20F7ED2A79EF6800B26623 /* MapView.swift */ = {isa = PBXFileReference; lastKnownFileType = sourcecode.swift; path = MapView.swift; sourceTree = "<group>"; };
		7F20F7EF2A79F4F500B26623 /* landmarkData.json */ = {isa = PBXFileReference; fileEncoding = 4; lastKnownFileType = text.json; path = landmarkData.json; sourceTree = "<group>"; };
		7F20F7F12A79F52900B26623 /* Landmark.swift */ = {isa = PBXFileReference; lastKnownFileType = sourcecode.swift; path = Landmark.swift; sourceTree = "<group>"; };
		7F20F7F32A79F8E900B26623 /* ModelData.swift */ = {isa = PBXFileReference; lastKnownFileType = sourcecode.swift; path = ModelData.swift; sourceTree = "<group>"; };
		7F20F7F82A79FEFA00B26623 /* LandmarkRow.swift */ = {isa = PBXFileReference; lastKnownFileType = sourcecode.swift; path = LandmarkRow.swift; sourceTree = "<group>"; };
		7F20F7FA2A7A1CDB00B26623 /* LandmarkList.swift */ = {isa = PBXFileReference; lastKnownFileType = sourcecode.swift; path = LandmarkList.swift; sourceTree = "<group>"; };
		7F20F7FC2A7A1E7800B26623 /* LandmarkDetail.swift */ = {isa = PBXFileReference; lastKnownFileType = sourcecode.swift; path = LandmarkDetail.swift; sourceTree = "<group>"; };
		7F20F7FE2A7AFAA100B26623 /* FavoriteButton.swift */ = {isa = PBXFileReference; lastKnownFileType = sourcecode.swift; path = FavoriteButton.swift; sourceTree = "<group>"; };
/* End PBXFileReference section */

/* Begin PBXFrameworksBuildPhase section */
		7F20F7D72A79DCBB00B26623 /* Frameworks */ = {
			isa = PBXFrameworksBuildPhase;
			buildActionMask = 2147483647;
			files = (
			);
			runOnlyForDeploymentPostprocessing = 0;
		};
/* End PBXFrameworksBuildPhase section */

/* Begin PBXGroup section */
		7F20F7D12A79DCBB00B26623 = {
			isa = PBXGroup;
			children = (
				7F20F7DC2A79DCBB00B26623 /* Landmarks */,
				7F20F7DB2A79DCBB00B26623 /* Products */,
			);
			sourceTree = "<group>";
		};
		7F20F7DB2A79DCBB00B26623 /* Products */ = {
			isa = PBXGroup;
			children = (
				7F20F7DA2A79DCBB00B26623 /* Landmarks.app */,
			);
			name = Products;
			sourceTree = "<group>";
		};
		7F20F7DC2A79DCBB00B26623 /* Landmarks */ = {
			isa = PBXGroup;
			children = (
				7F20F7DD2A79DCBB00B26623 /* LandmarksApp.swift */,
				7F20F7F52A79FD9C00B26623 /* Views */,
				7F20F7F62A79FDCA00B26623 /* Model */,
				7F20F7F72A79FDEE00B26623 /* Resources */,
				7F20F7E12A79DCBC00B26623 /* Assets.xcassets */,
				7F20F7E32A79DCBC00B26623 /* Preview Content */,
			);
			path = Landmarks;
			sourceTree = "<group>";
		};
		7F20F7E32A79DCBC00B26623 /* Preview Content */ = {
			isa = PBXGroup;
			children = (
				7F20F7E42A79DCBC00B26623 /* Preview Assets.xcassets */,
			);
			path = "Preview Content";
			sourceTree = "<group>";
		};
		7F20F7F52A79FD9C00B26623 /* Views */ = {
			isa = PBXGroup;
			children = (
				7F20F7DF2A79DCBB00B26623 /* ContentView.swift */,
				7F20F8012A7AFC2000B26623 /* Helpers */,
				7F20F8002A7AFC0700B26623 /* Landmarks */,
			);
			path = Views;
			sourceTree = "<group>";
		};
		7F20F7F62A79FDCA00B26623 /* Model */ = {
			isa = PBXGroup;
			children = (
				7F20F7F12A79F52900B26623 /* Landmark.swift */,
				7F20F7F32A79F8E900B26623 /* ModelData.swift */,
			);
			path = Model;
			sourceTree = "<group>";
		};
		7F20F7F72A79FDEE00B26623 /* Resources */ = {
			isa = PBXGroup;
			children = (
				7F20F7EF2A79F4F500B26623 /* landmarkData.json */,
			);
			path = Resources;
			sourceTree = "<group>";
		};
		7F20F8002A7AFC0700B26623 /* Landmarks */ = {
			isa = PBXGroup;
			children = (
				7F20F7FC2A7A1E7800B26623 /* LandmarkDetail.swift */,
				7F20F7FA2A7A1CDB00B26623 /* LandmarkList.swift */,
				7F20F7F82A79FEFA00B26623 /* LandmarkRow.swift */,
			);
			path = Landmarks;
			sourceTree = "<group>";
		};
		7F20F8012A7AFC2000B26623 /* Helpers */ = {
			isa = PBXGroup;
			children = (
				7F20F7EB2A79EDE700B26623 /* CircleImage.swift */,
				7F20F7FE2A7AFAA100B26623 /* FavoriteButton.swift */,
				7F20F7ED2A79EF6800B26623 /* MapView.swift */,
			);
			path = Helpers;
			sourceTree = "<group>";
		};
/* End PBXGroup section */

/* Begin PBXNativeTarget section */
		7F20F7D92A79DCBB00B26623 /* Landmarks */ = {
			isa = PBXNativeTarget;
			buildConfigurationList = 7F20F7E82A79DCBC00B26623 /* Build configuration list for PBXNativeTarget "Landmarks" */;
			buildPhases = (
				7F20F7D62A79DCBB00B26623 /* Sources */,
				7F20F7D72A79DCBB00B26623 /* Frameworks */,
				7F20F7D82A79DCBB00B26623 /* Resources */,
			);
			buildRules = (
			);
			dependencies = (
			);
			name = Landmarks;
			productName = Landmarks;
			productReference = 7F20F7DA2A79DCBB00B26623 /* Landmarks.app */;
			productType = "com.apple.product-type.application";
		};
/* End PBXNativeTarget section */

/* Begin PBXProject section */
		7F20F7D22A79DCBB00B26623 /* Project object */ = {
			isa = PBXProject;
			attributes = {
				BuildIndependentTargetsInParallel = 1;
				LastSwiftUpdateCheck = 1430;
				LastUpgradeCheck = 1430;
				TargetAttributes = {
					7F20F7D92A79DCBB00B26623 = {
						CreatedOnToolsVersion = 14.3.1;
					};
				};
			};
			buildConfigurationList = 7F20F7D52A79DCBB00B26623 /* Build configuration list for PBXProject "Landmarks" */;
			compatibilityVersion = "Xcode 14.0";
			developmentRegion = en;
			hasScannedForEncodings = 0;
			knownRegions = (
				en,
				Base,
			);
			mainGroup = 7F20F7D12A79DCBB00B26623;
			productRefGroup = 7F20F7DB2A79DCBB00B26623 /* Products */;
			projectDirPath = "";
			projectRoot = "";
			targets = (
				7F20F7D92A79DCBB00B26623 /* Landmarks */,
			);
		};
/* End PBXProject section */

/* Begin PBXResourcesBuildPhase section */
		7F20F7D82A79DCBB00B26623 /* Resources */ = {
			isa = PBXResourcesBuildPhase;
			buildActionMask = 2147483647;
			files = (
				7F20F7E52A79DCBC00B26623 /* Preview Assets.xcassets in Resources */,
				7F20F7E22A79DCBC00B26623 /* Assets.xcassets in Resources */,
				7F20F7F02A79F4F500B26623 /* landmarkData.json in Resources */,
			);
			runOnlyForDeploymentPostprocessing = 0;
		};
/* End PBXResourcesBuildPhase section */

/* Begin PBXSourcesBuildPhase section */
		7F20F7D62A79DCBB00B26623 /* Sources */ = {
			isa = PBXSourcesBuildPhase;
			buildActionMask = 2147483647;
			files = (
				7F20F7E02A79DCBB00B26623 /* ContentView.swift in Sources */,
				7F20F7EE2A79EF6800B26623 /* MapView.swift in Sources */,
				7F20F7DE2A79DCBB00B26623 /* LandmarksApp.swift in Sources */,
				7F20F7FF2A7AFAA100B26623 /* FavoriteButton.swift in Sources */,
				7F20F7FB2A7A1CDB00B26623 /* LandmarkList.swift in Sources */,
				7F20F7FD2A7A1E7800B26623 /* LandmarkDetail.swift in Sources */,
				7F20F7EC2A79EDE700B26623 /* CircleImage.swift in Sources */,
				7F20F7F22A79F52900B26623 /* Landmark.swift in Sources */,
				7F20F7F92A79FEFA00B26623 /* LandmarkRow.swift in Sources */,
				7F20F7F42A79F8E900B26623 /* ModelData.swift in Sources */,
			);
			runOnlyForDeploymentPostprocessing = 0;
		};
/* End PBXSourcesBuildPhase section */

/* Begin XCBuildConfiguration section */
		7F20F7E62A79DCBC00B26623 /* Debug */ = {
			isa = XCBuildConfiguration;
			buildSettings = {
				ALWAYS_SEARCH_USER_PATHS = NO;
				CLANG_ANALYZER_NONNULL = YES;
				CLANG_ANALYZER_NUMBER_OBJECT_CONVERSION = YES_AGGRESSIVE;
				CLANG_CXX_LANGUAGE_STANDARD = "gnu++20";
				CLANG_ENABLE_MODULES = YES;
				CLANG_ENABLE_OBJC_ARC = YES;
				CLANG_ENABLE_OBJC_WEAK = YES;
				CLANG_WARN_BLOCK_CAPTURE_AUTORELEASING = YES;
				CLANG_WARN_BOOL_CONVERSION = YES;
				CLANG_WARN_COMMA = YES;
				CLANG_WARN_CONSTANT_CONVERSION = YES;
				CLANG_WARN_DEPRECATED_OBJC_IMPLEMENTATIONS = YES;
				CLANG_WARN_DIRECT_OBJC_ISA_USAGE = YES_ERROR;
				CLANG_WARN_DOCUMENTATION_COMMENTS = YES;
				CLANG_WARN_EMPTY_BODY = YES;
				CLANG_WARN_ENUM_CONVERSION = YES;
				CLANG_WARN_INFINITE_RECURSION = YES;
				CLANG_WARN_INT_CONVERSION = YES;
				CLANG_WARN_NON_LITERAL_NULL_CONVERSION = YES;
				CLANG_WARN_OBJC_IMPLICIT_RETAIN_SELF = YES;
				CLANG_WARN_OBJC_LITERAL_CONVERSION = YES;
				CLANG_WARN_OBJC_ROOT_CLASS = YES_ERROR;
				CLANG_WARN_QUOTED_INCLUDE_IN_FRAMEWORK_HEADER = YES;
				CLANG_WARN_RANGE_LOOP_ANALYSIS = YES;
				CLANG_WARN_STRICT_PROTOTYPES = YES;
				CLANG_WARN_SUSPICIOUS_MOVE = YES;
				CLANG_WARN_UNGUARDED_AVAILABILITY = YES_AGGRESSIVE;
				CLANG_WARN_UNREACHABLE_CODE = YES;
				CLANG_WARN__DUPLICATE_METHOD_MATCH = YES;
				COPY_PHASE_STRIP = NO;
				DEBUG_INFORMATION_FORMAT = dwarf;
				ENABLE_STRICT_OBJC_MSGSEND = YES;
				ENABLE_TESTABILITY = YES;
				GCC_C_LANGUAGE_STANDARD = gnu11;
				GCC_DYNAMIC_NO_PIC = NO;
				GCC_NO_COMMON_BLOCKS = YES;
				GCC_OPTIMIZATION_LEVEL = 0;
				GCC_PREPROCESSOR_DEFINITIONS = (
					"DEBUG=1",
					"$(inherited)",
				);
				GCC_WARN_64_TO_32_BIT_CONVERSION = YES;
				GCC_WARN_ABOUT_RETURN_TYPE = YES_ERROR;
				GCC_WARN_UNDECLARED_SELECTOR = YES;
				GCC_WARN_UNINITIALIZED_AUTOS = YES_AGGRESSIVE;
				GCC_WARN_UNUSED_FUNCTION = YES;
				GCC_WARN_UNUSED_VARIABLE = YES;
				IPHONEOS_DEPLOYMENT_TARGET = 16.4;
				MTL_ENABLE_DEBUG_INFO = INCLUDE_SOURCE;
				MTL_FAST_MATH = YES;
				ONLY_ACTIVE_ARCH = YES;
				SDKROOT = iphoneos;
				SWIFT_ACTIVE_COMPILATION_CONDITIONS = DEBUG;
				SWIFT_OPTIMIZATION_LEVEL = "-Onone";
			};
			name = Debug;
		};
		7F20F7E72A79DCBC00B26623 /* Release */ = {
			isa = XCBuildConfiguration;
			buildSettings = {
				ALWAYS_SEARCH_USER_PATHS = NO;
				CLANG_ANALYZER_NONNULL = YES;
				CLANG_ANALYZER_NUMBER_OBJECT_CONVERSION = YES_AGGRESSIVE;
				CLANG_CXX_LANGUAGE_STANDARD = "gnu++20";
				CLANG_ENABLE_MODULES = YES;
				CLANG_ENABLE_OBJC_ARC = YES;
				CLANG_ENABLE_OBJC_WEAK = YES;
				CLANG_WARN_BLOCK_CAPTURE_AUTORELEASING = YES;
				CLANG_WARN_BOOL_CONVERSION = YES;
				CLANG_WARN_COMMA = YES;
				CLANG_WARN_CONSTANT_CONVERSION = YES;
				CLANG_WARN_DEPRECATED_OBJC_IMPLEMENTATIONS = YES;
				CLANG_WARN_DIRECT_OBJC_ISA_USAGE = YES_ERROR;
				CLANG_WARN_DOCUMENTATION_COMMENTS = YES;
				CLANG_WARN_EMPTY_BODY = YES;
				CLANG_WARN_ENUM_CONVERSION = YES;
				CLANG_WARN_INFINITE_RECURSION = YES;
				CLANG_WARN_INT_CONVERSION = YES;
				CLANG_WARN_NON_LITERAL_NULL_CONVERSION = YES;
				CLANG_WARN_OBJC_IMPLICIT_RETAIN_SELF = YES;
				CLANG_WARN_OBJC_LITERAL_CONVERSION = YES;
				CLANG_WARN_OBJC_ROOT_CLASS = YES_ERROR;
				CLANG_WARN_QUOTED_INCLUDE_IN_FRAMEWORK_HEADER = YES;
				CLANG_WARN_RANGE_LOOP_ANALYSIS = YES;
				CLANG_WARN_STRICT_PROTOTYPES = YES;
				CLANG_WARN_SUSPICIOUS_MOVE = YES;
				CLANG_WARN_UNGUARDED_AVAILABILITY = YES_AGGRESSIVE;
				CLANG_WARN_UNREACHABLE_CODE = YES;
				CLANG_WARN__DUPLICATE_METHOD_MATCH = YES;
				COPY_PHASE_STRIP = NO;
				DEBUG_INFORMATION_FORMAT = "dwarf-with-dsym";
				ENABLE_NS_ASSERTIONS = NO;
				ENABLE_STRICT_OBJC_MSGSEND = YES;
				GCC_C_LANGUAGE_STANDARD = gnu11;
				GCC_NO_COMMON_BLOCKS = YES;
				GCC_WARN_64_TO_32_BIT_CONVERSION = YES;
				GCC_WARN_ABOUT_RETURN_TYPE = YES_ERROR;
				GCC_WARN_UNDECLARED_SELECTOR = YES;
				GCC_WARN_UNINITIALIZED_AUTOS = YES_AGGRESSIVE;
				GCC_WARN_UNUSED_FUNCTION = YES;
				GCC_WARN_UNUSED_VARIABLE = YES;
				IPHONEOS_DEPLOYMENT_TARGET = 16.4;
				MTL_ENABLE_DEBUG_INFO = NO;
				MTL_FAST_MATH = YES;
				SDKROOT = iphoneos;
				SWIFT_COMPILATION_MODE = wholemodule;
				SWIFT_OPTIMIZATION_LEVEL = "-O";
				VALIDATE_PRODUCT = YES;
			};
			name = Release;
		};
		7F20F7E92A79DCBC00B26623 /* Debug */ = {
			isa = XCBuildConfiguration;
			buildSettings = {
				ASSETCATALOG_COMPILER_APPICON_NAME = AppIcon;
				ASSETCATALOG_COMPILER_GLOBAL_ACCENT_COLOR_NAME = AccentColor;
				CODE_SIGN_STYLE = Automatic;
				CURRENT_PROJECT_VERSION = 1;
				DEVELOPMENT_ASSET_PATHS = "\"Landmarks/Preview Content\"";
				DEVELOPMENT_TEAM = S8N34947Y9;
				ENABLE_PREVIEWS = YES;
				GENERATE_INFOPLIST_FILE = YES;
				INFOPLIST_KEY_UIApplicationSceneManifest_Generation = YES;
				INFOPLIST_KEY_UIApplicationSupportsIndirectInputEvents = YES;
				INFOPLIST_KEY_UILaunchScreen_Generation = YES;
				INFOPLIST_KEY_UISupportedInterfaceOrientations_iPad = "UIInterfaceOrientationPortrait UIInterfaceOrientationPortraitUpsideDown UIInterfaceOrientationLandscapeLeft UIInterfaceOrientationLandscapeRight";
				INFOPLIST_KEY_UISupportedInterfaceOrientations_iPhone = "UIInterfaceOrientationPortrait UIInterfaceOrientationLandscapeLeft UIInterfaceOrientationLandscapeRight";
				LD_RUNPATH_SEARCH_PATHS = (
					"$(inherited)",
					"@executable_path/Frameworks",
				);
				MARKETING_VERSION = 1.0;
				PRODUCT_BUNDLE_IDENTIFIER = com.study.Landmarks;
				PRODUCT_NAME = "$(TARGET_NAME)";
				SWIFT_EMIT_LOC_STRINGS = YES;
				SWIFT_VERSION = 5.0;
				TARGETED_DEVICE_FAMILY = "1,2";
			};
			name = Debug;
		};
		7F20F7EA2A79DCBC00B26623 /* Release */ = {
			isa = XCBuildConfiguration;
			buildSettings = {
				ASSETCATALOG_COMPILER_APPICON_NAME = AppIcon;
				ASSETCATALOG_COMPILER_GLOBAL_ACCENT_COLOR_NAME = AccentColor;
				CODE_SIGN_STYLE = Automatic;
				CURRENT_PROJECT_VERSION = 1;
				DEVELOPMENT_ASSET_PATHS = "\"Landmarks/Preview Content\"";
				DEVELOPMENT_TEAM = S8N34947Y9;
				ENABLE_PREVIEWS = YES;
				GENERATE_INFOPLIST_FILE = YES;
				INFOPLIST_KEY_UIApplicationSceneManifest_Generation = YES;
				INFOPLIST_KEY_UIApplicationSupportsIndirectInputEvents = YES;
				INFOPLIST_KEY_UILaunchScreen_Generation = YES;
				INFOPLIST_KEY_UISupportedInterfaceOrientations_iPad = "UIInterfaceOrientationPortrait UIInterfaceOrientationPortraitUpsideDown UIInterfaceOrientationLandscapeLeft UIInterfaceOrientationLandscapeRight";
				INFOPLIST_KEY_UISupportedInterfaceOrientations_iPhone = "UIInterfaceOrientationPortrait UIInterfaceOrientationLandscapeLeft UIInterfaceOrientationLandscapeRight";
				LD_RUNPATH_SEARCH_PATHS = (
					"$(inherited)",
					"@executable_path/Frameworks",
				);
				MARKETING_VERSION = 1.0;
				PRODUCT_BUNDLE_IDENTIFIER = com.study.Landmarks;
				PRODUCT_NAME = "$(TARGET_NAME)";
				SWIFT_EMIT_LOC_STRINGS = YES;
				SWIFT_VERSION = 5.0;
				TARGETED_DEVICE_FAMILY = "1,2";
			};
			name = Release;
		};
/* End XCBuildConfiguration section */

/* Begin XCConfigurationList section */
		7F20F7D52A79DCBB00B26623 /* Build configuration list for PBXProject "Landmarks" */ = {
			isa = XCConfigurationList;
			buildConfigurations = (
				7F20F7E62A79DCBC00B26623 /* Debug */,
				7F20F7E72A79DCBC00B26623 /* Release */,
			);
			defaultConfigurationIsVisible = 0;
			defaultConfigurationName = Release;
		};
		7F20F7E82A79DCBC00B26623 /* Build configuration list for PBXNativeTarget "Landmarks" */ = {
			isa = XCConfigurationList;
			buildConfigurations = (
				7F20F7E92A79DCBC00B26623 /* Debug */,
				7F20F7EA2A79DCBC00B26623 /* Release */,
			);
			defaultConfigurationIsVisible = 0;
			defaultConfigurationName = Release;
		};
/* End XCConfigurationList section */
	};
	rootObject = 7F20F7D22A79DCBB00B26623 /* Project object */;
}
