// !$*UTF8*$!
{
	archiveVersion = 1;
	classes = {
	};
	objectVersion = 50;
	objects = {

/* Begin PBXBuildFile section */
		B2BA6C3326791E840012624B /* AppDelegate.swift in Sources */ = {isa = PBXBuildFile; fileRef = B2BA6C3226791E840012624B /* AppDelegate.swift */; };
		B2BA6C3526791E840012624B /* SceneDelegate.swift in Sources */ = {isa = PBXBuildFile; fileRef = B2BA6C3426791E840012624B /* SceneDelegate.swift */; };
		B2BA6C3726791E840012624B /* ContainerViewController.swift in Sources */ = {isa = PBXBuildFile; fileRef = B2BA6C3626791E840012624B /* ContainerViewController.swift */; };
		B2BA6C3A26791E840012624B /* Main.storyboard in Resources */ = {isa = PBXBuildFile; fileRef = B2BA6C3826791E840012624B /* Main.storyboard */; };
		B2BA6C3C26791E850012624B /* Assets.xcassets in Resources */ = {isa = PBXBuildFile; fileRef = B2BA6C3B26791E850012624B /* Assets.xcassets */; };
		B2BA6C3F26791E850012624B /* LaunchScreen.storyboard in Resources */ = {isa = PBXBuildFile; fileRef = B2BA6C3D26791E850012624B /* LaunchScreen.storyboard */; };
		B2BA6C49267925960012624B /* Videos.Bundle in Resources */ = {isa = PBXBuildFile; fileRef = B2BA6C48267925960012624B /* Videos.Bundle */; };
		B2BA6C4E267934470012624B /* VideoViewController.swift in Sources */ = {isa = PBXBuildFile; fileRef = B2BA6C4D267934470012624B /* VideoViewController.swift */; };
		B2BA6C5026793A7B0012624B /* SubLayerViewController.swift in Sources */ = {isa = PBXBuildFile; fileRef = B2BA6C4F26793A7B0012624B /* SubLayerViewController.swift */; };
		B2E2BF1A2694BBC80087E0FA /* FileSelectionViewController.swift in Sources */ = {isa = PBXBuildFile; fileRef = B2E2BF192694BBC80087E0FA /* FileSelectionViewController.swift */; };
/* End PBXBuildFile section */

/* Begin PBXFileReference section */
		B2BA6C2F26791E840012624B /* AVPlayer.app */ = {isa = PBXFileReference; explicitFileType = wrapper.application; includeInIndex = 0; path = AVPlayer.app; sourceTree = BUILT_PRODUCTS_DIR; };
		B2BA6C3226791E840012624B /* AppDelegate.swift */ = {isa = PBXFileReference; lastKnownFileType = sourcecode.swift; path = AppDelegate.swift; sourceTree = "<group>"; };
		B2BA6C3426791E840012624B /* SceneDelegate.swift */ = {isa = PBXFileReference; lastKnownFileType = sourcecode.swift; path = SceneDelegate.swift; sourceTree = "<group>"; };
		B2BA6C3626791E840012624B /* ContainerViewController.swift */ = {isa = PBXFileReference; lastKnownFileType = sourcecode.swift; path = ContainerViewController.swift; sourceTree = "<group>"; };
		B2BA6C3926791E840012624B /* Base */ = {isa = PBXFileReference; lastKnownFileType = file.storyboard; name = Base; path = Base.lproj/Main.storyboard; sourceTree = "<group>"; };
		B2BA6C3B26791E850012624B /* Assets.xcassets */ = {isa = PBXFileReference; lastKnownFileType = folder.assetcatalog; path = Assets.xcassets; sourceTree = "<group>"; };
		B2BA6C3E26791E850012624B /* Base */ = {isa = PBXFileReference; lastKnownFileType = file.storyboard; name = Base; path = Base.lproj/LaunchScreen.storyboard; sourceTree = "<group>"; };
		B2BA6C4026791E850012624B /* Info.plist */ = {isa = PBXFileReference; lastKnownFileType = text.plist.xml; path = Info.plist; sourceTree = "<group>"; };
		B2BA6C48267925960012624B /* Videos.Bundle */ = {isa = PBXFileReference; lastKnownFileType = "wrapper.plug-in"; path = Videos.Bundle; sourceTree = "<group>"; };
		B2BA6C4D267934470012624B /* VideoViewController.swift */ = {isa = PBXFileReference; lastKnownFileType = sourcecode.swift; path = VideoViewController.swift; sourceTree = "<group>"; };
		B2BA6C4F26793A7B0012624B /* SubLayerViewController.swift */ = {isa = PBXFileReference; lastKnownFileType = sourcecode.swift; path = SubLayerViewController.swift; sourceTree = "<group>"; };
		B2E2BF192694BBC80087E0FA /* FileSelectionViewController.swift */ = {isa = PBXFileReference; lastKnownFileType = sourcecode.swift; path = FileSelectionViewController.swift; sourceTree = "<group>"; };
/* End PBXFileReference section */

/* Begin PBXFrameworksBuildPhase section */
		B2BA6C2C26791E840012624B /* Frameworks */ = {
			isa = PBXFrameworksBuildPhase;
			buildActionMask = 2147483647;
			files = (
			);
			runOnlyForDeploymentPostprocessing = 0;
		};
/* End PBXFrameworksBuildPhase section */

/* Begin PBXGroup section */
		B2BA6C2626791E840012624B = {
			isa = PBXGroup;
			children = (
				B2BA6C3126791E840012624B /* AVPlayer */,
				B2BA6C3026791E840012624B /* Products */,
			);
			sourceTree = "<group>";
		};
		B2BA6C3026791E840012624B /* Products */ = {
			isa = PBXGroup;
			children = (
				B2BA6C2F26791E840012624B /* AVPlayer.app */,
			);
			name = Products;
			sourceTree = "<group>";
		};
		B2BA6C3126791E840012624B /* AVPlayer */ = {
			isa = PBXGroup;
			children = (
				B2BA6C48267925960012624B /* Videos.Bundle */,
				B2BA6C3226791E840012624B /* AppDelegate.swift */,
				B2BA6C3426791E840012624B /* SceneDelegate.swift */,
				B2E2BF192694BBC80087E0FA /* FileSelectionViewController.swift */,
				B2BA6C3626791E840012624B /* ContainerViewController.swift */,
				B2BA6C4D267934470012624B /* VideoViewController.swift */,
				B2BA6C4F26793A7B0012624B /* SubLayerViewController.swift */,
				B2BA6C3826791E840012624B /* Main.storyboard */,
				B2BA6C3B26791E850012624B /* Assets.xcassets */,
				B2BA6C3D26791E850012624B /* LaunchScreen.storyboard */,
				B2BA6C4026791E850012624B /* Info.plist */,
			);
			path = AVPlayer;
			sourceTree = "<group>";
		};
/* End PBXGroup section */

/* Begin PBXNativeTarget section */
		B2BA6C2E26791E840012624B /* AVPlayer */ = {
			isa = PBXNativeTarget;
			buildConfigurationList = B2BA6C4326791E850012624B /* Build configuration list for PBXNativeTarget "AVPlayer" */;
			buildPhases = (
				B2BA6C2B26791E840012624B /* Sources */,
				B2BA6C2C26791E840012624B /* Frameworks */,
				B2BA6C2D26791E840012624B /* Resources */,
			);
			buildRules = (
			);
			dependencies = (
			);
			name = AVPlayer;
			productName = AVPlayer;
			productReference = B2BA6C2F26791E840012624B /* AVPlayer.app */;
			productType = "com.apple.product-type.application";
		};
/* End PBXNativeTarget section */

/* Begin PBXProject section */
		B2BA6C2726791E840012624B /* Project object */ = {
			isa = PBXProject;
			attributes = {
				LastSwiftUpdateCheck = 1250;
				LastUpgradeCheck = 1250;
				TargetAttributes = {
					B2BA6C2E26791E840012624B = {
						CreatedOnToolsVersion = 12.5;
					};
				};
			};
			buildConfigurationList = B2BA6C2A26791E840012624B /* Build configuration list for PBXProject "AVPlayer" */;
			compatibilityVersion = "Xcode 9.3";
			developmentRegion = en;
			hasScannedForEncodings = 0;
			knownRegions = (
				en,
				Base,
			);
			mainGroup = B2BA6C2626791E840012624B;
			productRefGroup = B2BA6C3026791E840012624B /* Products */;
			projectDirPath = "";
			projectRoot = "";
			targets = (
				B2BA6C2E26791E840012624B /* AVPlayer */,
			);
		};
/* End PBXProject section */

/* Begin PBXResourcesBuildPhase section */
		B2BA6C2D26791E840012624B /* Resources */ = {
			isa = PBXResourcesBuildPhase;
			buildActionMask = 2147483647;
			files = (
				B2BA6C3F26791E850012624B /* LaunchScreen.storyboard in Resources */,
				B2BA6C3C26791E850012624B /* Assets.xcassets in Resources */,
				B2BA6C3A26791E840012624B /* Main.storyboard in Resources */,
				B2BA6C49267925960012624B /* Videos.Bundle in Resources */,
			);
			runOnlyForDeploymentPostprocessing = 0;
		};
/* End PBXResourcesBuildPhase section */

/* Begin PBXSourcesBuildPhase section */
		B2BA6C2B26791E840012624B /* Sources */ = {
			isa = PBXSourcesBuildPhase;
			buildActionMask = 2147483647;
			files = (
				B2BA6C3726791E840012624B /* ContainerViewController.swift in Sources */,
				B2BA6C3326791E840012624B /* AppDelegate.swift in Sources */,
				B2BA6C5026793A7B0012624B /* SubLayerViewController.swift in Sources */,
				B2E2BF1A2694BBC80087E0FA /* FileSelectionViewController.swift in Sources */,
				B2BA6C4E267934470012624B /* VideoViewController.swift in Sources */,
				B2BA6C3526791E840012624B /* SceneDelegate.swift in Sources */,
			);
			runOnlyForDeploymentPostprocessing = 0;
		};
/* End PBXSourcesBuildPhase section */

/* Begin PBXVariantGroup section */
		B2BA6C3826791E840012624B /* Main.storyboard */ = {
			isa = PBXVariantGroup;
			children = (
				B2BA6C3926791E840012624B /* Base */,
			);
			name = Main.storyboard;
			sourceTree = "<group>";
		};
		B2BA6C3D26791E850012624B /* LaunchScreen.storyboard */ = {
			isa = PBXVariantGroup;
			children = (
				B2BA6C3E26791E850012624B /* Base */,
			);
			name = LaunchScreen.storyboard;
			sourceTree = "<group>";
		};
/* End PBXVariantGroup section */

/* Begin XCBuildConfiguration section */
		B2BA6C4126791E850012624B /* Debug */ = {
			isa = XCBuildConfiguration;
			buildSettings = {
				ALWAYS_SEARCH_USER_PATHS = NO;
				CLANG_ANALYZER_NONNULL = YES;
				CLANG_ANALYZER_NUMBER_OBJECT_CONVERSION = YES_AGGRESSIVE;
				CLANG_CXX_LANGUAGE_STANDARD = "gnu++14";
				CLANG_CXX_LIBRARY = "libc++";
				CLANG_ENABLE_MODULES = YES;
				CLANG_ENABLE_OBJC_ARC = YES;
				CLANG_ENABLE_OBJC_WEAK = YES;
				CLANG_WARN_BLOCK_CAPTURE_AUTORELEASING = YES;
				CLANG_WARN_BOOL_CONVERSION = YES;
				CLANG_WARN_COMMA = YES;
				CLANG_WARN_CONSTANT_CONVERSION = YES;
				CLANG_WARN_DEPRECATED_OBJC_IMPLEMENTATIONS = YES;
				CLANG_WARN_DIRECT_OBJC_ISA_USAGE = YES_ERROR;
				CLANG_WARN_DOCUMENTATION_COMMENTS = YES;
				CLANG_WARN_EMPTY_BODY = YES;
				CLANG_WARN_ENUM_CONVERSION = YES;
				CLANG_WARN_INFINITE_RECURSION = YES;
				CLANG_WARN_INT_CONVERSION = YES;
				CLANG_WARN_NON_LITERAL_NULL_CONVERSION = YES;
				CLANG_WARN_OBJC_IMPLICIT_RETAIN_SELF = YES;
				CLANG_WARN_OBJC_LITERAL_CONVERSION = YES;
				CLANG_WARN_OBJC_ROOT_CLASS = YES_ERROR;
				CLANG_WARN_QUOTED_INCLUDE_IN_FRAMEWORK_HEADER = YES;
				CLANG_WARN_RANGE_LOOP_ANALYSIS = YES;
				CLANG_WARN_STRICT_PROTOTYPES = YES;
				CLANG_WARN_SUSPICIOUS_MOVE = YES;
				CLANG_WARN_UNGUARDED_AVAILABILITY = YES_AGGRESSIVE;
				CLANG_WARN_UNREACHABLE_CODE = YES;
				CLANG_WARN__DUPLICATE_METHOD_MATCH = YES;
				COPY_PHASE_STRIP = NO;
				DEBUG_INFORMATION_FORMAT = dwarf;
				ENABLE_STRICT_OBJC_MSGSEND = YES;
				ENABLE_TESTABILITY = YES;
				GCC_C_LANGUAGE_STANDARD = gnu11;
				GCC_DYNAMIC_NO_PIC = NO;
				GCC_NO_COMMON_BLOCKS = YES;
				GCC_OPTIMIZATION_LEVEL = 0;
				GCC_PREPROCESSOR_DEFINITIONS = (
					"DEBUG=1",
					"$(inherited)",
				);
				GCC_WARN_64_TO_32_BIT_CONVERSION = YES;
				GCC_WARN_ABOUT_RETURN_TYPE = YES_ERROR;
				GCC_WARN_UNDECLARED_SELECTOR = YES;
				GCC_WARN_UNINITIALIZED_AUTOS = YES_AGGRESSIVE;
				GCC_WARN_UNUSED_FUNCTION = YES;
				GCC_WARN_UNUSED_VARIABLE = YES;
				IPHONEOS_DEPLOYMENT_TARGET = 14.5;
				MTL_ENABLE_DEBUG_INFO = INCLUDE_SOURCE;
				MTL_FAST_MATH = YES;
				ONLY_ACTIVE_ARCH = YES;
				SDKROOT = iphoneos;
				SWIFT_ACTIVE_COMPILATION_CONDITIONS = DEBUG;
				SWIFT_OPTIMIZATION_LEVEL = "-Onone";
			};
			name = Debug;
		};
		B2BA6C4226791E850012624B /* Release */ = {
			isa = XCBuildConfiguration;
			buildSettings = {
				ALWAYS_SEARCH_USER_PATHS = NO;
				CLANG_ANALYZER_NONNULL = YES;
				CLANG_ANALYZER_NUMBER_OBJECT_CONVERSION = YES_AGGRESSIVE;
				CLANG_CXX_LANGUAGE_STANDARD = "gnu++14";
				CLANG_CXX_LIBRARY = "libc++";
				CLANG_ENABLE_MODULES = YES;
				CLANG_ENABLE_OBJC_ARC = YES;
				CLANG_ENABLE_OBJC_WEAK = YES;
				CLANG_WARN_BLOCK_CAPTURE_AUTORELEASING = YES;
				CLANG_WARN_BOOL_CONVERSION = YES;
				CLANG_WARN_COMMA = YES;
				CLANG_WARN_CONSTANT_CONVERSION = YES;
				CLANG_WARN_DEPRECATED_OBJC_IMPLEMENTATIONS = YES;
				CLANG_WARN_DIRECT_OBJC_ISA_USAGE = YES_ERROR;
				CLANG_WARN_DOCUMENTATION_COMMENTS = YES;
				CLANG_WARN_EMPTY_BODY = YES;
				CLANG_WARN_ENUM_CONVERSION = YES;
				CLANG_WARN_INFINITE_RECURSION = YES;
				CLANG_WARN_INT_CONVERSION = YES;
				CLANG_WARN_NON_LITERAL_NULL_CONVERSION = YES;
				CLANG_WARN_OBJC_IMPLICIT_RETAIN_SELF = YES;
				CLANG_WARN_OBJC_LITERAL_CONVERSION = YES;
				CLANG_WARN_OBJC_ROOT_CLASS = YES_ERROR;
				CLANG_WARN_QUOTED_INCLUDE_IN_FRAMEWORK_HEADER = YES;
				CLANG_WARN_RANGE_LOOP_ANALYSIS = YES;
				CLANG_WARN_STRICT_PROTOTYPES = YES;
				CLANG_WARN_SUSPICIOUS_MOVE = YES;
				CLANG_WARN_UNGUARDED_AVAILABILITY = YES_AGGRESSIVE;
				CLANG_WARN_UNREACHABLE_CODE = YES;
				CLANG_WARN__DUPLICATE_METHOD_MATCH = YES;
				COPY_PHASE_STRIP = NO;
				DEBUG_INFORMATION_FORMAT = "dwarf-with-dsym";
				ENABLE_NS_ASSERTIONS = NO;
				ENABLE_STRICT_OBJC_MSGSEND = YES;
				GCC_C_LANGUAGE_STANDARD = gnu11;
				GCC_NO_COMMON_BLOCKS = YES;
				GCC_WARN_64_TO_32_BIT_CONVERSION = YES;
				GCC_WARN_ABOUT_RETURN_TYPE = YES_ERROR;
				GCC_WARN_UNDECLARED_SELECTOR = YES;
				GCC_WARN_UNINITIALIZED_AUTOS = YES_AGGRESSIVE;
				GCC_WARN_UNUSED_FUNCTION = YES;
				GCC_WARN_UNUSED_VARIABLE = YES;
				IPHONEOS_DEPLOYMENT_TARGET = 14.5;
				MTL_ENABLE_DEBUG_INFO = NO;
				MTL_FAST_MATH = YES;
				SDKROOT = iphoneos;
				SWIFT_COMPILATION_MODE = wholemodule;
				SWIFT_OPTIMIZATION_LEVEL = "-O";
				VALIDATE_PRODUCT = YES;
			};
			name = Release;
		};
		B2BA6C4426791E850012624B /* Debug */ = {
			isa = XCBuildConfiguration;
			buildSettings = {
				ASSETCATALOG_COMPILER_APPICON_NAME = AppIcon;
				ASSETCATALOG_COMPILER_GLOBAL_ACCENT_COLOR_NAME = AccentColor;
				CODE_SIGN_STYLE = Automatic;
				DEVELOPMENT_TEAM = S8N34947Y9;
				INFOPLIST_FILE = AVPlayer/Info.plist;
				IPHONEOS_DEPLOYMENT_TARGET = 10.2;
				LD_RUNPATH_SEARCH_PATHS = (
					"$(inherited)",
					"@executable_path/Frameworks",
				);
				PRODUCT_BUNDLE_IDENTIFIER = com.examples.AVPlayer;
				PRODUCT_NAME = "$(TARGET_NAME)";
				SWIFT_VERSION = 5.0;
				TARGETED_DEVICE_FAMILY = 1;
			};
			name = Debug;
		};
		B2BA6C4526791E850012624B /* Release */ = {
			isa = XCBuildConfiguration;
			buildSettings = {
				ASSETCATALOG_COMPILER_APPICON_NAME = AppIcon;
				ASSETCATALOG_COMPILER_GLOBAL_ACCENT_COLOR_NAME = AccentColor;
				CODE_SIGN_STYLE = Automatic;
				DEVELOPMENT_TEAM = S8N34947Y9;
				INFOPLIST_FILE = AVPlayer/Info.plist;
				IPHONEOS_DEPLOYMENT_TARGET = 10.2;
				LD_RUNPATH_SEARCH_PATHS = (
					"$(inherited)",
					"@executable_path/Frameworks",
				);
				PRODUCT_BUNDLE_IDENTIFIER = com.examples.AVPlayer;
				PRODUCT_NAME = "$(TARGET_NAME)";
				SWIFT_VERSION = 5.0;
				TARGETED_DEVICE_FAMILY = 1;
			};
			name = Release;
		};
/* End XCBuildConfiguration section */

/* Begin XCConfigurationList section */
		B2BA6C2A26791E840012624B /* Build configuration list for PBXProject "AVPlayer" */ = {
			isa = XCConfigurationList;
			buildConfigurations = (
				B2BA6C4126791E850012624B /* Debug */,
				B2BA6C4226791E850012624B /* Release */,
			);
			defaultConfigurationIsVisible = 0;
			defaultConfigurationName = Release;
		};
		B2BA6C4326791E850012624B /* Build configuration list for PBXNativeTarget "AVPlayer" */ = {
			isa = XCConfigurationList;
			buildConfigurations = (
				B2BA6C4426791E850012624B /* Debug */,
				B2BA6C4526791E850012624B /* Release */,
			);
			defaultConfigurationIsVisible = 0;
			defaultConfigurationName = Release;
		};
/* End XCConfigurationList section */
	};
	rootObject = B2BA6C2726791E840012624B /* Project object */;
}
